{
  "object": {
    "pins": [
      {
        "package": "ActionOver",
        "repositoryURL": "https://github.com/AndreaMiotto/ActionOver.git",
        "state": {
          "branch": null,
          "revision": "06b0918c491232af1ce483ed528802522b9f201d",
          "version": "1.0.3"
        }
      }
    ]
  },
  "version": 1
}
