// !$*UTF8*$!
{
	archiveVersion = 1;
	classes = {
	};
	objectVersion = 46;
	objects = {

/* Begin PBXBuildFile section */
		C1059EAA14C823FC0014DC93 /* second@2x.png in Resources */ = {isa = PBXBuildFile; fileRef = C1059EA614C823FC0014DC93 /* second@2x.png */; };
		C1059EAB14C823FC0014DC93 /* second.png in Resources */ = {isa = PBXBuildFile; fileRef = C1059EA714C823FC0014DC93 /* second.png */; };
		C1059EAC14C823FC0014DC93 /* first@2x.png in Resources */ = {isa = PBXBuildFile; fileRef = C1059EA814C823FC0014DC93 /* first@2x.png */; };
		C1059EAD14C823FC0014DC93 /* first.png in Resources */ = {isa = PBXBuildFile; fileRef = C1059EA914C823FC0014DC93 /* first.png */; };
		C1059EB014C86ACA0014DC93 /* formant_plot_help.html in Resources */ = {isa = PBXBuildFile; fileRef = C1059EAF14C86ACA0014DC93 /* formant_plot_help.html */; };
		C1059EB414C86ADD0014DC93 /* red_light.png in Resources */ = {isa = PBXBuildFile; fileRef = C1059EB114C86ADD0014DC93 /* red_light.png */; };
		C1059EB514C86ADD0014DC93 /* green_light.png in Resources */ = {isa = PBXBuildFile; fileRef = C1059EB214C86ADD0014DC93 /* green_light.png */; };
		C1059EB614C86ADD0014DC93 /* blue_light.png in Resources */ = {isa = PBXBuildFile; fileRef = C1059EB314C86ADD0014DC93 /* blue_light.png */; };
		C1059EC914C872550014DC93 /* PlotView.m in Sources */ = {isa = PBXBuildFile; fileRef = C1059EC814C872540014DC93 /* PlotView.m */; };
		C10B4C7C14E2F13F0015C204 /* arm.raw in Resources */ = {isa = PBXBuildFile; fileRef = C10B4C7514E2F13F0015C204 /* arm.raw */; };
		C10B4C7D14E2F13F0015C204 /* beat.raw in Resources */ = {isa = PBXBuildFile; fileRef = C10B4C7614E2F13F0015C204 /* beat.raw */; };
		C10B4C7E14E2F13F0015C204 /* bid.raw in Resources */ = {isa = PBXBuildFile; fileRef = C10B4C7714E2F13F0015C204 /* bid.raw */; };
		C10B4C7F14E2F13F0015C204 /* calm.raw in Resources */ = {isa = PBXBuildFile; fileRef = C10B4C7814E2F13F0015C204 /* calm.raw */; };
		C10B4C8014E2F13F0015C204 /* cat.raw in Resources */ = {isa = PBXBuildFile; fileRef = C10B4C7914E2F13F0015C204 /* cat.raw */; };
		C10B4C8114E2F13F0015C204 /* four.raw in Resources */ = {isa = PBXBuildFile; fileRef = C10B4C7A14E2F13F0015C204 /* four.raw */; };
		C10B4C8214E2F13F0015C204 /* who.raw in Resources */ = {isa = PBXBuildFile; fileRef = C10B4C7B14E2F13F0015C204 /* who.raw */; };
		C1759B5714C9D39300509C50 /* AudioToolbox.framework in Frameworks */ = {isa = PBXBuildFile; fileRef = C1759B5614C9D39300509C50 /* AudioToolbox.framework */; };
		C1759B5B14C9D47400509C50 /* AudioDeviceManager.mm in Sources */ = {isa = PBXBuildFile; fileRef = C1759B5A14C9D47400509C50 /* AudioDeviceManager.mm */; };
		C18C878614C69DF0008CA643 /* UIKit.framework in Frameworks */ = {isa = PBXBuildFile; fileRef = C18C878514C69DF0008CA643 /* UIKit.framework */; };
		C18C878814C69DF0008CA643 /* Foundation.framework in Frameworks */ = {isa = PBXBuildFile; fileRef = C18C878714C69DF0008CA643 /* Foundation.framework */; };
		C18C878A14C69DF0008CA643 /* CoreGraphics.framework in Frameworks */ = {isa = PBXBuildFile; fileRef = C18C878914C69DF0008CA643 /* CoreGraphics.framework */; };
		C18C879014C69DF0008CA643 /* InfoPlist.strings in Resources */ = {isa = PBXBuildFile; fileRef = C18C878E14C69DF0008CA643 /* InfoPlist.strings */; };
		C18C879314C69DF0008CA643 /* main.m in Sources */ = {isa = PBXBuildFile; fileRef = C18C879214C69DF0008CA643 /* main.m */; };
		C18C879614C69DF0008CA643 /* FormantPlotterAppDelegate.mm in Sources */ = {isa = PBXBuildFile; fileRef = C18C879514C69DF0008CA643 /* FormantPlotterAppDelegate.mm */; };
		C18C879914C69DF1008CA643 /* MainWindow.xib in Resources */ = {isa = PBXBuildFile; fileRef = C18C879714C69DF1008CA643 /* MainWindow.xib */; };
		C18C879C14C69DF1008CA643 /* FirstViewController.mm in Sources */ = {isa = PBXBuildFile; fileRef = C18C879B14C69DF1008CA643 /* FirstViewController.mm */; };
		C18C879F14C69DF1008CA643 /* SecondViewController.m in Sources */ = {isa = PBXBuildFile; fileRef = C18C879E14C69DF1008CA643 /* SecondViewController.m */; };
		C18C87A214C69DF1008CA643 /* FirstView.xib in Resources */ = {isa = PBXBuildFile; fileRef = C18C87A014C69DF1008CA643 /* FirstView.xib */; };
		C18C87A514C69DF1008CA643 /* SecondView.xib in Resources */ = {isa = PBXBuildFile; fileRef = C18C87A314C69DF1008CA643 /* SecondView.xib */; };
/* End PBXBuildFile section */

/* Begin PBXFileReference section */
		C1059EA614C823FC0014DC93 /* second@2x.png */ = {isa = PBXFileReference; lastKnownFileType = image.png; path = "second@2x.png"; sourceTree = "<group>"; };
		C1059EA714C823FC0014DC93 /* second.png */ = {isa = PBXFileReference; lastKnownFileType = image.png; path = second.png; sourceTree = "<group>"; };
		C1059EA814C823FC0014DC93 /* first@2x.png */ = {isa = PBXFileReference; lastKnownFileType = image.png; path = "first@2x.png"; sourceTree = "<group>"; };
		C1059EA914C823FC0014DC93 /* first.png */ = {isa = PBXFileReference; lastKnownFileType = image.png; path = first.png; sourceTree = "<group>"; };
		C1059EAF14C86ACA0014DC93 /* formant_plot_help.html */ = {isa = PBXFileReference; fileEncoding = 4; lastKnownFileType = text.html; path = formant_plot_help.html; sourceTree = "<group>"; };
		C1059EB114C86ADD0014DC93 /* red_light.png */ = {isa = PBXFileReference; lastKnownFileType = image.png; path = red_light.png; sourceTree = "<group>"; };
		C1059EB214C86ADD0014DC93 /* green_light.png */ = {isa = PBXFileReference; lastKnownFileType = image.png; path = green_light.png; sourceTree = "<group>"; };
		C1059EB314C86ADD0014DC93 /* blue_light.png */ = {isa = PBXFileReference; lastKnownFileType = image.png; path = blue_light.png; sourceTree = "<group>"; };
		C1059EC714C872540014DC93 /* PlotView.h */ = {isa = PBXFileReference; fileEncoding = 4; lastKnownFileType = sourcecode.c.h; name = PlotView.h; path = ../PlotView.h; sourceTree = "<group>"; };
		C1059EC814C872540014DC93 /* PlotView.m */ = {isa = PBXFileReference; fileEncoding = 4; lastKnownFileType = sourcecode.c.objc; name = PlotView.m; path = ../PlotView.m; sourceTree = "<group>"; };
		C10B4C7514E2F13F0015C204 /* arm.raw */ = {isa = PBXFileReference; lastKnownFileType = file; path = arm.raw; sourceTree = "<group>"; };
		C10B4C7614E2F13F0015C204 /* beat.raw */ = {isa = PBXFileReference; lastKnownFileType = file; path = beat.raw; sourceTree = "<group>"; };
		C10B4C7714E2F13F0015C204 /* bid.raw */ = {isa = PBXFileReference; lastKnownFileType = file; path = bid.raw; sourceTree = "<group>"; };
		C10B4C7814E2F13F0015C204 /* calm.raw */ = {isa = PBXFileReference; lastKnownFileType = file; path = calm.raw; sourceTree = "<group>"; };
		C10B4C7914E2F13F0015C204 /* cat.raw */ = {isa = PBXFileReference; lastKnownFileType = file; path = cat.raw; sourceTree = "<group>"; };
		C10B4C7A14E2F13F0015C204 /* four.raw */ = {isa = PBXFileReference; lastKnownFileType = file; path = four.raw; sourceTree = "<group>"; };
		C10B4C7B14E2F13F0015C204 /* who.raw */ = {isa = PBXFileReference; lastKnownFileType = file; path = who.raw; sourceTree = "<group>"; };
		C1759B5614C9D39300509C50 /* AudioToolbox.framework */ = {isa = PBXFileReference; lastKnownFileType = wrapper.framework; name = AudioToolbox.framework; path = System/Library/Frameworks/AudioToolbox.framework; sourceTree = SDKROOT; };
		C1759B5914C9D47400509C50 /* AudioDeviceManager.h */ = {isa = PBXFileReference; fileEncoding = 4; lastKnownFileType = sourcecode.c.h; name = AudioDeviceManager.h; path = ../AudioDeviceManager.h; sourceTree = "<group>"; };
		C1759B5A14C9D47400509C50 /* AudioDeviceManager.mm */ = {isa = PBXFileReference; fileEncoding = 4; lastKnownFileType = sourcecode.cpp.objcpp; name = AudioDeviceManager.mm; path = ../AudioDeviceManager.mm; sourceTree = "<group>"; };
		C18C878114C69DF0008CA643 /* FormantPlotter.app */ = {isa = PBXFileReference; explicitFileType = wrapper.application; includeInIndex = 0; path = FormantPlotter.app; sourceTree = BUILT_PRODUCTS_DIR; };
		C18C878514C69DF0008CA643 /* UIKit.framework */ = {isa = PBXFileReference; lastKnownFileType = wrapper.framework; name = UIKit.framework; path = System/Library/Frameworks/UIKit.framework; sourceTree = SDKROOT; };
		C18C878714C69DF0008CA643 /* Foundation.framework */ = {isa = PBXFileReference; lastKnownFileType = wrapper.framework; name = Foundation.framework; path = System/Library/Frameworks/Foundation.framework; sourceTree = SDKROOT; };
		C18C878914C69DF0008CA643 /* CoreGraphics.framework */ = {isa = PBXFileReference; lastKnownFileType = wrapper.framework; name = CoreGraphics.framework; path = System/Library/Frameworks/CoreGraphics.framework; sourceTree = SDKROOT; };
		C18C878D14C69DF0008CA643 /* FormantPlotter-Info.plist */ = {isa = PBXFileReference; lastKnownFileType = text.plist.xml; path = "FormantPlotter-Info.plist"; sourceTree = "<group>"; };
		C18C878F14C69DF0008CA643 /* en */ = {isa = PBXFileReference; lastKnownFileType = text.plist.strings; name = en; path = en.lproj/InfoPlist.strings; sourceTree = "<group>"; };
		C18C879114C69DF0008CA643 /* FormantPlotter-Prefix.pch */ = {isa = PBXFileReference; lastKnownFileType = sourcecode.c.h; path = "FormantPlotter-Prefix.pch"; sourceTree = "<group>"; };
		C18C879214C69DF0008CA643 /* main.m */ = {isa = PBXFileReference; lastKnownFileType = sourcecode.c.objc; path = main.m; sourceTree = "<group>"; };
		C18C879414C69DF0008CA643 /* FormantPlotterAppDelegate.h */ = {isa = PBXFileReference; lastKnownFileType = sourcecode.c.h; path = FormantPlotterAppDelegate.h; sourceTree = "<group>"; };
		C18C879514C69DF0008CA643 /* FormantPlotterAppDelegate.mm */ = {isa = PBXFileReference; lastKnownFileType = sourcecode.cpp.objcpp; path = FormantPlotterAppDelegate.mm; sourceTree = "<group>"; };
		C18C879814C69DF1008CA643 /* en */ = {isa = PBXFileReference; lastKnownFileType = file.xib; name = en; path = en.lproj/MainWindow.xib; sourceTree = "<group>"; };
		C18C879A14C69DF1008CA643 /* FirstViewController.h */ = {isa = PBXFileReference; lastKnownFileType = sourcecode.c.h; path = FirstViewController.h; sourceTree = "<group>"; };
		C18C879B14C69DF1008CA643 /* FirstViewController.mm */ = {isa = PBXFileReference; lastKnownFileType = sourcecode.cpp.objcpp; path = FirstViewController.mm; sourceTree = "<group>"; };
		C18C879D14C69DF1008CA643 /* SecondViewController.h */ = {isa = PBXFileReference; lastKnownFileType = sourcecode.c.h; path = SecondViewController.h; sourceTree = "<group>"; };
		C18C879E14C69DF1008CA643 /* SecondViewController.m */ = {isa = PBXFileReference; lastKnownFileType = sourcecode.c.objc; path = SecondViewController.m; sourceTree = "<group>"; };
		C18C87A114C69DF1008CA643 /* en */ = {isa = PBXFileReference; lastKnownFileType = file.xib; name = en; path = en.lproj/FirstView.xib; sourceTree = "<group>"; };
		C18C87A414C69DF1008CA643 /* en */ = {isa = PBXFileReference; lastKnownFileType = file.xib; name = en; path = en.lproj/SecondView.xib; sourceTree = "<group>"; };
/* End PBXFileReference section */

/* Begin PBXFrameworksBuildPhase section */
		C18C877E14C69DF0008CA643 /* Frameworks */ = {
			isa = PBXFrameworksBuildPhase;
			buildActionMask = 2147483647;
			files = (
				C1759B5714C9D39300509C50 /* AudioToolbox.framework in Frameworks */,
				C18C878614C69DF0008CA643 /* UIKit.framework in Frameworks */,
				C18C878814C69DF0008CA643 /* Foundation.framework in Frameworks */,
				C18C878A14C69DF0008CA643 /* CoreGraphics.framework in Frameworks */,
			);
			runOnlyForDeploymentPostprocessing = 0;
		};
/* End PBXFrameworksBuildPhase section */

/* Begin PBXGroup section */
		C18C877614C69DF0008CA643 = {
			isa = PBXGroup;
			children = (
				C18C878B14C69DF0008CA643 /* FormantPlotter */,
				C18C878414C69DF0008CA643 /* Frameworks */,
				C18C878214C69DF0008CA643 /* Products */,
			);
			sourceTree = "<group>";
		};
		C18C878214C69DF0008CA643 /* Products */ = {
			isa = PBXGroup;
			children = (
				C18C878114C69DF0008CA643 /* FormantPlotter.app */,
			);
			name = Products;
			sourceTree = "<group>";
		};
		C18C878414C69DF0008CA643 /* Frameworks */ = {
			isa = PBXGroup;
			children = (
				C1759B5614C9D39300509C50 /* AudioToolbox.framework */,
				C18C878514C69DF0008CA643 /* UIKit.framework */,
				C18C878714C69DF0008CA643 /* Foundation.framework */,
				C18C878914C69DF0008CA643 /* CoreGraphics.framework */,
			);
			name = Frameworks;
			sourceTree = "<group>";
		};
		C18C878B14C69DF0008CA643 /* FormantPlotter */ = {
			isa = PBXGroup;
			children = (
				C18C879414C69DF0008CA643 /* FormantPlotterAppDelegate.h */,
				C18C879514C69DF0008CA643 /* FormantPlotterAppDelegate.mm */,
				C18C879714C69DF1008CA643 /* MainWindow.xib */,
				C18C879A14C69DF1008CA643 /* FirstViewController.h */,
				C18C879B14C69DF1008CA643 /* FirstViewController.mm */,
				C18C87A014C69DF1008CA643 /* FirstView.xib */,
				C18C879D14C69DF1008CA643 /* SecondViewController.h */,
				C18C879E14C69DF1008CA643 /* SecondViewController.m */,
				C18C87A314C69DF1008CA643 /* SecondView.xib */,
				C1759B5914C9D47400509C50 /* AudioDeviceManager.h */,
				C1759B5A14C9D47400509C50 /* AudioDeviceManager.mm */,
				C1059EC714C872540014DC93 /* PlotView.h */,
				C1059EC814C872540014DC93 /* PlotView.m */,
				C18C878C14C69DF0008CA643 /* Supporting Files */,
			);
			path = FormantPlotter;
			sourceTree = "<group>";
		};
		C18C878C14C69DF0008CA643 /* Supporting Files */ = {
			isa = PBXGroup;
			children = (
				C18C878D14C69DF0008CA643 /* FormantPlotter-Info.plist */,
				C18C878E14C69DF0008CA643 /* InfoPlist.strings */,
				C18C879114C69DF0008CA643 /* FormantPlotter-Prefix.pch */,
				C18C879214C69DF0008CA643 /* main.m */,
				C10B4C7514E2F13F0015C204 /* arm.raw */,
				C10B4C7614E2F13F0015C204 /* beat.raw */,
				C10B4C7714E2F13F0015C204 /* bid.raw */,
				C10B4C7814E2F13F0015C204 /* calm.raw */,
				C10B4C7914E2F13F0015C204 /* cat.raw */,
				C10B4C7A14E2F13F0015C204 /* four.raw */,
				C10B4C7B14E2F13F0015C204 /* who.raw */,
				C1059EAF14C86ACA0014DC93 /* formant_plot_help.html */,
				C1059EB114C86ADD0014DC93 /* red_light.png */,
				C1059EB214C86ADD0014DC93 /* green_light.png */,
				C1059EB314C86ADD0014DC93 /* blue_light.png */,
				C1059EA614C823FC0014DC93 /* second@2x.png */,
				C1059EA714C823FC0014DC93 /* second.png */,
				C1059EA814C823FC0014DC93 /* first@2x.png */,
				C1059EA914C823FC0014DC93 /* first.png */,
			);
			name = "Supporting Files";
			sourceTree = "<group>";
		};
/* End PBXGroup section */

/* Begin PBXNativeTarget section */
		C18C878014C69DF0008CA643 /* FormantPlotter */ = {
			isa = PBXNativeTarget;
			buildConfigurationList = C18C87A814C69DF1008CA643 /* Build configuration list for PBXNativeTarget "FormantPlotter" */;
			buildPhases = (
				C18C877D14C69DF0008CA643 /* Sources */,
				C18C877E14C69DF0008CA643 /* Frameworks */,
				C18C877F14C69DF0008CA643 /* Resources */,
			);
			buildRules = (
			);
			dependencies = (
			);
			name = FormantPlotter;
			productName = FormantPlotter;
			productReference = C18C878114C69DF0008CA643 /* FormantPlotter.app */;
			productType = "com.apple.product-type.application";
		};
/* End PBXNativeTarget section */

/* Begin PBXProject section */
		C18C877814C69DF0008CA643 /* Project object */ = {
			isa = PBXProject;
			buildConfigurationList = C18C877B14C69DF0008CA643 /* Build configuration list for PBXProject "FormantPlotter" */;
			compatibilityVersion = "Xcode 3.2";
			developmentRegion = English;
			hasScannedForEncodings = 0;
			knownRegions = (
				en,
			);
			mainGroup = C18C877614C69DF0008CA643;
			productRefGroup = C18C878214C69DF0008CA643 /* Products */;
			projectDirPath = "";
			projectRoot = "";
			targets = (
				C18C878014C69DF0008CA643 /* FormantPlotter */,
			);
		};
/* End PBXProject section */

/* Begin PBXResourcesBuildPhase section */
		C18C877F14C69DF0008CA643 /* Resources */ = {
			isa = PBXResourcesBuildPhase;
			buildActionMask = 2147483647;
			files = (
				C18C879014C69DF0008CA643 /* InfoPlist.strings in Resources */,
				C18C879914C69DF1008CA643 /* MainWindow.xib in Resources */,
				C18C87A214C69DF1008CA643 /* FirstView.xib in Resources */,
				C18C87A514C69DF1008CA643 /* SecondView.xib in Resources */,
				C1059EAA14C823FC0014DC93 /* second@2x.png in Resources */,
				C1059EAB14C823FC0014DC93 /* second.png in Resources */,
				C1059EAC14C823FC0014DC93 /* first@2x.png in Resources */,
				C1059EAD14C823FC0014DC93 /* first.png in Resources */,
				C1059EB014C86ACA0014DC93 /* formant_plot_help.html in Resources */,
				C1059EB414C86ADD0014DC93 /* red_light.png in Resources */,
				C1059EB514C86ADD0014DC93 /* green_light.png in Resources */,
				C1059EB614C86ADD0014DC93 /* blue_light.png in Resources */,
				C10B4C7C14E2F13F0015C204 /* arm.raw in Resources */,
				C10B4C7D14E2F13F0015C204 /* beat.raw in Resources */,
				C10B4C7E14E2F13F0015C204 /* bid.raw in Resources */,
				C10B4C7F14E2F13F0015C204 /* calm.raw in Resources */,
				C10B4C8014E2F13F0015C204 /* cat.raw in Resources */,
				C10B4C8114E2F13F0015C204 /* four.raw in Resources */,
				C10B4C8214E2F13F0015C204 /* who.raw in Resources */,
			);
			runOnlyForDeploymentPostprocessing = 0;
		};
/* End PBXResourcesBuildPhase section */

/* Begin PBXSourcesBuildPhase section */
		C18C877D14C69DF0008CA643 /* Sources */ = {
			isa = PBXSourcesBuildPhase;
			buildActionMask = 2147483647;
			files = (
				C18C879314C69DF0008CA643 /* main.m in Sources */,
				C18C879614C69DF0008CA643 /* FormantPlotterAppDelegate.mm in Sources */,
				C18C879C14C69DF1008CA643 /* FirstViewController.mm in Sources */,
				C18C879F14C69DF1008CA643 /* SecondViewController.m in Sources */,
				C1059EC914C872550014DC93 /* PlotView.m in Sources */,
				C1759B5B14C9D47400509C50 /* AudioDeviceManager.mm in Sources */,
			);
			runOnlyForDeploymentPostprocessing = 0;
		};
/* End PBXSourcesBuildPhase section */

/* Begin PBXVariantGroup section */
		C18C878E14C69DF0008CA643 /* InfoPlist.strings */ = {
			isa = PBXVariantGroup;
			children = (
				C18C878F14C69DF0008CA643 /* en */,
			);
			name = InfoPlist.strings;
			sourceTree = "<group>";
		};
		C18C879714C69DF1008CA643 /* MainWindow.xib */ = {
			isa = PBXVariantGroup;
			children = (
				C18C879814C69DF1008CA643 /* en */,
			);
			name = MainWindow.xib;
			sourceTree = "<group>";
		};
		C18C87A014C69DF1008CA643 /* FirstView.xib */ = {
			isa = PBXVariantGroup;
			children = (
				C18C87A114C69DF1008CA643 /* en */,
			);
			name = FirstView.xib;
			sourceTree = "<group>";
		};
		C18C87A314C69DF1008CA643 /* SecondView.xib */ = {
			isa = PBXVariantGroup;
			children = (
				C18C87A414C69DF1008CA643 /* en */,
			);
			name = SecondView.xib;
			sourceTree = "<group>";
		};
/* End PBXVariantGroup section */

/* Begin XCBuildConfiguration section */
		C18C87A614C69DF1008CA643 /* Debug */ = {
			isa = XCBuildConfiguration;
			buildSettings = {
				ARCHS = "$(ARCHS_STANDARD_32_BIT)";
				CODE_SIGN_IDENTITY = "iPhone Developer: Will Entriken (LZSQ9DS457)";
				"CODE_SIGN_IDENTITY[sdk=iphoneos*]" = "iPhone Developer: Paul Somers (U7RS94QL8K)";
				GCC_C_LANGUAGE_STANDARD = gnu99;
				GCC_OPTIMIZATION_LEVEL = 0;
				GCC_PREPROCESSOR_DEFINITIONS = DEBUG;
				GCC_SYMBOLS_PRIVATE_EXTERN = NO;
				GCC_VERSION = com.apple.compilers.llvmgcc42;
				GCC_WARN_ABOUT_RETURN_TYPE = YES;
				GCC_WARN_UNUSED_VARIABLE = YES;
				IPHONEOS_DEPLOYMENT_TARGET = 4.3;
				PROVISIONING_PROFILE = "E072227A-F989-4660-8622-CE5F3D5D226A";
				"PROVISIONING_PROFILE[sdk=iphoneos*]" = "37EEFE9F-6F64-4F7F-BDC6-BB9843F912AB";
				SDKROOT = iphoneos;
			};
			name = Debug;
		};
		C18C87A714C69DF1008CA643 /* Release */ = {
			isa = XCBuildConfiguration;
			buildSettings = {
				ARCHS = "$(ARCHS_STANDARD_32_BIT)";
				CODE_SIGN_IDENTITY = "iPhone Developer: Will Entriken (LZSQ9DS457)";
				"CODE_SIGN_IDENTITY[sdk=iphoneos*]" = "iPhone Developer: Paul Somers (U7RS94QL8K)";
				GCC_C_LANGUAGE_STANDARD = gnu99;
				GCC_VERSION = com.apple.compilers.llvmgcc42;
				GCC_WARN_ABOUT_RETURN_TYPE = YES;
				GCC_WARN_UNUSED_VARIABLE = YES;
				IPHONEOS_DEPLOYMENT_TARGET = 4.3;
				OTHER_CFLAGS = "-DNS_BLOCK_ASSERTIONS=1";
				PROVISIONING_PROFILE = "E072227A-F989-4660-8622-CE5F3D5D226A";
				"PROVISIONING_PROFILE[sdk=iphoneos*]" = "37EEFE9F-6F64-4F7F-BDC6-BB9843F912AB";
				SDKROOT = iphoneos;
			};
			name = Release;
		};
		C18C87A914C69DF1008CA643 /* Debug */ = {
			isa = XCBuildConfiguration;
			buildSettings = {
				ALWAYS_SEARCH_USER_PATHS = NO;
				CODE_SIGN_IDENTITY = "iPhone Developer";
				"CODE_SIGN_IDENTITY[sdk=iphoneos*]" = "iPhone Developer";
				COPY_PHASE_STRIP = NO;
				GCC_DYNAMIC_NO_PIC = NO;
				GCC_PRECOMPILE_PREFIX_HEADER = YES;
				GCC_PREFIX_HEADER = "FormantPlotter/FormantPlotter-Prefix.pch";
				INFOPLIST_FILE = "FormantPlotter/FormantPlotter-Info.plist";
				"OTHER_CFLAGS[arch=*]" = "";
				PRODUCT_NAME = "$(TARGET_NAME)";
				PROVISIONING_PROFILE = "";
				"PROVISIONING_PROFILE[sdk=iphoneos*]" = "";
				WRAPPER_EXTENSION = app;
			};
			name = Debug;
		};
		C18C87AA14C69DF1008CA643 /* Release */ = {
			isa = XCBuildConfiguration;
			buildSettings = {
				ALWAYS_SEARCH_USER_PATHS = NO;
				CODE_SIGN_IDENTITY = "iPhone Developer";
				"CODE_SIGN_IDENTITY[sdk=iphoneos*]" = "iPhone Developer";
				COPY_PHASE_STRIP = YES;
				GCC_PRECOMPILE_PREFIX_HEADER = YES;
				GCC_PREFIX_HEADER = "FormantPlotter/FormantPlotter-Prefix.pch";
				INFOPLIST_FILE = "FormantPlotter/FormantPlotter-Info.plist";
				PRODUCT_NAME = "$(TARGET_NAME)";
				PROVISIONING_PROFILE = "";
				"PROVISIONING_PROFILE[sdk=iphoneos*]" = "";
				VALIDATE_PRODUCT = YES;
				WRAPPER_EXTENSION = app;
			};
			name = Release;
		};
/* End XCBuildConfiguration section */

/* Begin XCConfigurationList section */
		C18C877B14C69DF0008CA643 /* Build configuration list for PBXProject "FormantPlotter" */ = {
			isa = XCConfigurationList;
			buildConfigurations = (
				C18C87A614C69DF1008CA643 /* Debug */,
				C18C87A714C69DF1008CA643 /* Release */,
			);
			defaultConfigurationIsVisible = 0;
			defaultConfigurationName = Release;
		};
		C18C87A814C69DF1008CA643 /* Build configuration list for PBXNativeTarget "FormantPlotter" */ = {
			isa = XCConfigurationList;
			buildConfigurations = (
				C18C87A914C69DF1008CA643 /* Debug */,
				C18C87AA14C69DF1008CA643 /* Release */,
			);
			defaultConfigurationIsVisible = 0;
			defaultConfigurationName = Release;
		};
/* End XCConfigurationList section */
	};
	rootObject = C18C877814C69DF0008CA643 /* Project object */;
}
