// !$*UTF8*$!
{
	archiveVersion = 1;
	classes = {
	};
	objectVersion = 46;
	objects = {

/* Begin PBXBuildFile section */
		8C74F84F3109213DA04868FF /* Pods_Formant_Analyzer.framework in Frameworks */ = {isa = PBXBuildFile; fileRef = 105D06CFCFFB595ACC2AA50E /* Pods_Formant_Analyzer.framework */; };
		D905E21C1CDABE5900C5FD50 /* SnapshotHelper.swift in Sources */ = {isa = PBXBuildFile; fileRef = D905E21B1CDABE5900C5FD50 /* SnapshotHelper.swift */; };
		D905E2201CDABE8800C5FD50 /* Formant_AnalyzerTests.swift in Sources */ = {isa = PBXBuildFile; fileRef = D905E21F1CDABE8800C5FD50 /* Formant_AnalyzerTests.swift */; };
		D905E2221CDABE9400C5FD50 /* Formant_AnalyzerUITests.swift in Sources */ = {isa = PBXBuildFile; fileRef = D905E2211CDABE9400C5FD50 /* Formant_AnalyzerUITests.swift */; };
		D95F3E9E1CDC06020050B871 /* arm.raw in Resources */ = {isa = PBXBuildFile; fileRef = D9C4800C1CDAB1300021F3C7 /* arm.raw */; };
		D95F3E9F1CDC06020050B871 /* beat.raw in Resources */ = {isa = PBXBuildFile; fileRef = D9C4800D1CDAB1300021F3C7 /* beat.raw */; };
		D95F3EA01CDC06020050B871 /* bid.raw in Resources */ = {isa = PBXBuildFile; fileRef = D9C4800E1CDAB1300021F3C7 /* bid.raw */; };
		D95F3EA11CDC06020050B871 /* calm.raw in Resources */ = {isa = PBXBuildFile; fileRef = D9C4800F1CDAB1300021F3C7 /* calm.raw */; };
		D95F3EA21CDC06020050B871 /* cat.raw in Resources */ = {isa = PBXBuildFile; fileRef = D9C480101CDAB1300021F3C7 /* cat.raw */; };
		D95F3EA31CDC06020050B871 /* four.raw in Resources */ = {isa = PBXBuildFile; fileRef = D9C480111CDAB1300021F3C7 /* four.raw */; };
		D95F3EA41CDC06020050B871 /* who.raw in Resources */ = {isa = PBXBuildFile; fileRef = D9C480121CDAB1300021F3C7 /* who.raw */; };
		D9C47FE21CDAB0150021F3C7 /* Assets.xcassets in Resources */ = {isa = PBXBuildFile; fileRef = D9C47FE11CDAB0150021F3C7 /* Assets.xcassets */; };
		D9C4800A1CDAB0F10021F3C7 /* LaunchScreen.storyboard in Resources */ = {isa = PBXBuildFile; fileRef = D9C480081CDAB0F10021F3C7 /* LaunchScreen.storyboard */; };
		D9C4800B1CDAB0F10021F3C7 /* Main.storyboard in Resources */ = {isa = PBXBuildFile; fileRef = D9C480091CDAB0F10021F3C7 /* Main.storyboard */; };
		D9C480181CDAB1690021F3C7 /* AppDelegate.swift in Sources */ = {isa = PBXBuildFile; fileRef = D9C480131CDAB1690021F3C7 /* AppDelegate.swift */; };
		D9C480191CDAB1690021F3C7 /* Complex.swift in Sources */ = {isa = PBXBuildFile; fileRef = D9C480141CDAB1690021F3C7 /* Complex.swift */; };
		D9C4801A1CDAB1690021F3C7 /* FormantPlotView.swift in Sources */ = {isa = PBXBuildFile; fileRef = D9C480151CDAB1690021F3C7 /* FormantPlotView.swift */; };
		D9C4801B1CDAB1690021F3C7 /* SpeechAnalyzer.swift in Sources */ = {isa = PBXBuildFile; fileRef = D9C480161CDAB1690021F3C7 /* SpeechAnalyzer.swift */; };
		D9C4801C1CDAB1690021F3C7 /* ViewController.swift in Sources */ = {isa = PBXBuildFile; fileRef = D9C480171CDAB1690021F3C7 /* ViewController.swift */; };
		D9C480211CDAB17C0021F3C7 /* blue_light.png in Resources */ = {isa = PBXBuildFile; fileRef = D9C4801D1CDAB17C0021F3C7 /* blue_light.png */; };
		D9C480221CDAB17C0021F3C7 /* green_light.png in Resources */ = {isa = PBXBuildFile; fileRef = D9C4801E1CDAB17C0021F3C7 /* green_light.png */; };
		D9C480231CDAB17C0021F3C7 /* red_light.png in Resources */ = {isa = PBXBuildFile; fileRef = D9C4801F1CDAB17C0021F3C7 /* red_light.png */; };
		D9C480241CDAB17C0021F3C7 /* vowelPlotBackground.png in Resources */ = {isa = PBXBuildFile; fileRef = D9C480201CDAB17C0021F3C7 /* vowelPlotBackground.png */; };
		D9C480281CDAB1B10021F3C7 /* SpeechAnalyzerTests.swift in Sources */ = {isa = PBXBuildFile; fileRef = D9C480261CDAB1B10021F3C7 /* SpeechAnalyzerTests.swift */; };
/* End PBXBuildFile section */

/* Begin PBXContainerItemProxy section */
		D9C47FEC1CDAB0160021F3C7 /* PBXContainerItemProxy */ = {
			isa = PBXContainerItemProxy;
			containerPortal = D9C47FCF1CDAB0150021F3C7 /* Project object */;
			proxyType = 1;
			remoteGlobalIDString = D9C47FD61CDAB0150021F3C7;
			remoteInfo = "Formant Analyzer";
		};
		D9C47FF71CDAB0160021F3C7 /* PBXContainerItemProxy */ = {
			isa = PBXContainerItemProxy;
			containerPortal = D9C47FCF1CDAB0150021F3C7 /* Project object */;
			proxyType = 1;
			remoteGlobalIDString = D9C47FD61CDAB0150021F3C7;
			remoteInfo = "Formant Analyzer";
		};
/* End PBXContainerItemProxy section */

/* Begin PBXFileReference section */
		105D06CFCFFB595ACC2AA50E /* Pods_Formant_Analyzer.framework */ = {isa = PBXFileReference; explicitFileType = wrapper.framework; includeInIndex = 0; path = Pods_Formant_Analyzer.framework; sourceTree = BUILT_PRODUCTS_DIR; };
		66C3D3A01452D771E1A33313 /* Pods-Formant Analyzer.release.xcconfig */ = {isa = PBXFileReference; includeInIndex = 1; lastKnownFileType = text.xcconfig; name = "Pods-Formant Analyzer.release.xcconfig"; path = "Pods/Target Support Files/Pods-Formant Analyzer/Pods-Formant Analyzer.release.xcconfig"; sourceTree = "<group>"; };
		82E5D63DE47495F837A641F1 /* Pods-Formant Analyzer.debug.xcconfig */ = {isa = PBXFileReference; includeInIndex = 1; lastKnownFileType = text.xcconfig; name = "Pods-Formant Analyzer.debug.xcconfig"; path = "Pods/Target Support Files/Pods-Formant Analyzer/Pods-Formant Analyzer.debug.xcconfig"; sourceTree = "<group>"; };
		D905E21B1CDABE5900C5FD50 /* SnapshotHelper.swift */ = {isa = PBXFileReference; fileEncoding = 4; lastKnownFileType = sourcecode.swift; path = SnapshotHelper.swift; sourceTree = "<group>"; };
		D905E21F1CDABE8800C5FD50 /* Formant_AnalyzerTests.swift */ = {isa = PBXFileReference; fileEncoding = 4; lastKnownFileType = sourcecode.swift; path = Formant_AnalyzerTests.swift; sourceTree = "<group>"; };
		D905E2211CDABE9400C5FD50 /* Formant_AnalyzerUITests.swift */ = {isa = PBXFileReference; fileEncoding = 4; lastKnownFileType = sourcecode.swift; path = Formant_AnalyzerUITests.swift; sourceTree = "<group>"; };
		D9C47FD71CDAB0150021F3C7 /* Formant Analyzer.app */ = {isa = PBXFileReference; explicitFileType = wrapper.application; includeInIndex = 0; path = "Formant Analyzer.app"; sourceTree = BUILT_PRODUCTS_DIR; };
		D9C47FE11CDAB0150021F3C7 /* Assets.xcassets */ = {isa = PBXFileReference; lastKnownFileType = folder.assetcatalog; path = Assets.xcassets; sourceTree = "<group>"; };
		D9C47FE61CDAB0150021F3C7 /* Info.plist */ = {isa = PBXFileReference; lastKnownFileType = text.plist.xml; path = Info.plist; sourceTree = "<group>"; };
		D9C47FEB1CDAB0160021F3C7 /* Formant AnalyzerTests.xctest */ = {isa = PBXFileReference; explicitFileType = wrapper.cfbundle; includeInIndex = 0; path = "Formant AnalyzerTests.xctest"; sourceTree = BUILT_PRODUCTS_DIR; };
		D9C47FF11CDAB0160021F3C7 /* Info.plist */ = {isa = PBXFileReference; lastKnownFileType = text.plist.xml; path = Info.plist; sourceTree = "<group>"; };
		D9C47FF61CDAB0160021F3C7 /* Formant AnalyzerUITests.xctest */ = {isa = PBXFileReference; explicitFileType = wrapper.cfbundle; includeInIndex = 0; path = "Formant AnalyzerUITests.xctest"; sourceTree = BUILT_PRODUCTS_DIR; };
		D9C47FFC1CDAB0160021F3C7 /* Info.plist */ = {isa = PBXFileReference; lastKnownFileType = text.plist.xml; path = Info.plist; sourceTree = "<group>"; };
		D9C480081CDAB0F10021F3C7 /* LaunchScreen.storyboard */ = {isa = PBXFileReference; fileEncoding = 4; lastKnownFileType = file.storyboard; path = LaunchScreen.storyboard; sourceTree = "<group>"; };
		D9C480091CDAB0F10021F3C7 /* Main.storyboard */ = {isa = PBXFileReference; fileEncoding = 4; lastKnownFileType = file.storyboard; path = Main.storyboard; sourceTree = "<group>"; };
		D9C4800C1CDAB1300021F3C7 /* arm.raw */ = {isa = PBXFileReference; lastKnownFileType = file; path = arm.raw; sourceTree = "<group>"; };
		D9C4800D1CDAB1300021F3C7 /* beat.raw */ = {isa = PBXFileReference; lastKnownFileType = file; path = beat.raw; sourceTree = "<group>"; };
		D9C4800E1CDAB1300021F3C7 /* bid.raw */ = {isa = PBXFileReference; lastKnownFileType = file; path = bid.raw; sourceTree = "<group>"; };
		D9C4800F1CDAB1300021F3C7 /* calm.raw */ = {isa = PBXFileReference; lastKnownFileType = file; path = calm.raw; sourceTree = "<group>"; };
		D9C480101CDAB1300021F3C7 /* cat.raw */ = {isa = PBXFileReference; lastKnownFileType = file; path = cat.raw; sourceTree = "<group>"; };
		D9C480111CDAB1300021F3C7 /* four.raw */ = {isa = PBXFileReference; lastKnownFileType = file; path = four.raw; sourceTree = "<group>"; };
		D9C480121CDAB1300021F3C7 /* who.raw */ = {isa = PBXFileReference; lastKnownFileType = file; path = who.raw; sourceTree = "<group>"; };
		D9C480131CDAB1690021F3C7 /* AppDelegate.swift */ = {isa = PBXFileReference; fileEncoding = 4; lastKnownFileType = sourcecode.swift; path = AppDelegate.swift; sourceTree = "<group>"; };
		D9C480141CDAB1690021F3C7 /* Complex.swift */ = {isa = PBXFileReference; fileEncoding = 4; lastKnownFileType = sourcecode.swift; path = Complex.swift; sourceTree = "<group>"; };
		D9C480151CDAB1690021F3C7 /* FormantPlotView.swift */ = {isa = PBXFileReference; fileEncoding = 4; lastKnownFileType = sourcecode.swift; path = FormantPlotView.swift; sourceTree = "<group>"; };
		D9C480161CDAB1690021F3C7 /* SpeechAnalyzer.swift */ = {isa = PBXFileReference; fileEncoding = 4; lastKnownFileType = sourcecode.swift; path = SpeechAnalyzer.swift; sourceTree = "<group>"; };
		D9C480171CDAB1690021F3C7 /* ViewController.swift */ = {isa = PBXFileReference; fileEncoding = 4; lastKnownFileType = sourcecode.swift; path = ViewController.swift; sourceTree = "<group>"; };
		D9C4801D1CDAB17C0021F3C7 /* blue_light.png */ = {isa = PBXFileReference; lastKnownFileType = image.png; path = blue_light.png; sourceTree = "<group>"; };
		D9C4801E1CDAB17C0021F3C7 /* green_light.png */ = {isa = PBXFileReference; lastKnownFileType = image.png; path = green_light.png; sourceTree = "<group>"; };
		D9C4801F1CDAB17C0021F3C7 /* red_light.png */ = {isa = PBXFileReference; lastKnownFileType = image.png; path = red_light.png; sourceTree = "<group>"; };
		D9C480201CDAB17C0021F3C7 /* vowelPlotBackground.png */ = {isa = PBXFileReference; lastKnownFileType = image.png; path = vowelPlotBackground.png; sourceTree = "<group>"; };
		D9C480261CDAB1B10021F3C7 /* SpeechAnalyzerTests.swift */ = {isa = PBXFileReference; fileEncoding = 4; lastKnownFileType = sourcecode.swift; path = SpeechAnalyzerTests.swift; sourceTree = "<group>"; };
/* End PBXFileReference section */

/* Begin PBXFrameworksBuildPhase section */
		D9C47FD41CDAB0150021F3C7 /* Frameworks */ = {
			isa = PBXFrameworksBuildPhase;
			buildActionMask = 2147483647;
			files = (
				8C74F84F3109213DA04868FF /* Pods_Formant_Analyzer.framework in Frameworks */,
			);
			runOnlyForDeploymentPostprocessing = 0;
		};
		D9C47FE81CDAB0160021F3C7 /* Frameworks */ = {
			isa = PBXFrameworksBuildPhase;
			buildActionMask = 2147483647;
			files = (
			);
			runOnlyForDeploymentPostprocessing = 0;
		};
		D9C47FF31CDAB0160021F3C7 /* Frameworks */ = {
			isa = PBXFrameworksBuildPhase;
			buildActionMask = 2147483647;
			files = (
			);
			runOnlyForDeploymentPostprocessing = 0;
		};
/* End PBXFrameworksBuildPhase section */

/* Begin PBXGroup section */
		CC17CECC099E40DB51BBF1C8 /* Frameworks */ = {
			isa = PBXGroup;
			children = (
				105D06CFCFFB595ACC2AA50E /* Pods_Formant_Analyzer.framework */,
			);
			name = Frameworks;
			sourceTree = "<group>";
		};
		D9C47FCE1CDAB0150021F3C7 = {
			isa = PBXGroup;
			children = (
				D9C47FD91CDAB0150021F3C7 /* Formant Analyzer */,
				D9C47FEE1CDAB0160021F3C7 /* Formant AnalyzerTests */,
				D9C47FF91CDAB0160021F3C7 /* Formant AnalyzerUITests */,
				D9C47FD81CDAB0150021F3C7 /* Products */,
				FAD5730CC2A5641E8AAB9222 /* Pods */,
				CC17CECC099E40DB51BBF1C8 /* Frameworks */,
			);
			sourceTree = "<group>";
		};
		D9C47FD81CDAB0150021F3C7 /* Products */ = {
			isa = PBXGroup;
			children = (
				D9C47FD71CDAB0150021F3C7 /* Formant Analyzer.app */,
				D9C47FEB1CDAB0160021F3C7 /* Formant AnalyzerTests.xctest */,
				D9C47FF61CDAB0160021F3C7 /* Formant AnalyzerUITests.xctest */,
			);
			name = Products;
			sourceTree = "<group>";
		};
		D9C47FD91CDAB0150021F3C7 /* Formant Analyzer */ = {
			isa = PBXGroup;
			children = (
				D9C480131CDAB1690021F3C7 /* AppDelegate.swift */,
				D9C480141CDAB1690021F3C7 /* Complex.swift */,
				D9C480151CDAB1690021F3C7 /* FormantPlotView.swift */,
				D9C480161CDAB1690021F3C7 /* SpeechAnalyzer.swift */,
				D9C480171CDAB1690021F3C7 /* ViewController.swift */,
				D9C480081CDAB0F10021F3C7 /* LaunchScreen.storyboard */,
				D9C480091CDAB0F10021F3C7 /* Main.storyboard */,
				D9C4800C1CDAB1300021F3C7 /* arm.raw */,
				D9C4800D1CDAB1300021F3C7 /* beat.raw */,
				D9C4800E1CDAB1300021F3C7 /* bid.raw */,
				D9C4800F1CDAB1300021F3C7 /* calm.raw */,
				D9C480101CDAB1300021F3C7 /* cat.raw */,
				D9C480111CDAB1300021F3C7 /* four.raw */,
				D9C480121CDAB1300021F3C7 /* who.raw */,
				D9C4801D1CDAB17C0021F3C7 /* blue_light.png */,
				D9C4801E1CDAB17C0021F3C7 /* green_light.png */,
				D9C4801F1CDAB17C0021F3C7 /* red_light.png */,
				D9C480201CDAB17C0021F3C7 /* vowelPlotBackground.png */,
				D9C47FE11CDAB0150021F3C7 /* Assets.xcassets */,
				D9C47FE61CDAB0150021F3C7 /* Info.plist */,
			);
			path = "Formant Analyzer";
			sourceTree = "<group>";
		};
		D9C47FEE1CDAB0160021F3C7 /* Formant AnalyzerTests */ = {
			isa = PBXGroup;
			children = (
				D905E21F1CDABE8800C5FD50 /* Formant_AnalyzerTests.swift */,
				D9C480261CDAB1B10021F3C7 /* SpeechAnalyzerTests.swift */,
				D9C47FF11CDAB0160021F3C7 /* Info.plist */,
			);
			path = "Formant AnalyzerTests";
			sourceTree = "<group>";
		};
		D9C47FF91CDAB0160021F3C7 /* Formant AnalyzerUITests */ = {
			isa = PBXGroup;
			children = (
				D905E2211CDABE9400C5FD50 /* Formant_AnalyzerUITests.swift */,
				D905E21B1CDABE5900C5FD50 /* SnapshotHelper.swift */,
				D9C47FFC1CDAB0160021F3C7 /* Info.plist */,
			);
			path = "Formant AnalyzerUITests";
			sourceTree = "<group>";
		};
		FAD5730CC2A5641E8AAB9222 /* Pods */ = {
			isa = PBXGroup;
			children = (
				82E5D63DE47495F837A641F1 /* Pods-Formant Analyzer.debug.xcconfig */,
				66C3D3A01452D771E1A33313 /* Pods-Formant Analyzer.release.xcconfig */,
			);
			name = Pods;
			sourceTree = "<group>";
		};
/* End PBXGroup section */

/* Begin PBXNativeTarget section */
		D9C47FD61CDAB0150021F3C7 /* Formant Analyzer */ = {
			isa = PBXNativeTarget;
			buildConfigurationList = D9C47FFF1CDAB0160021F3C7 /* Build configuration list for PBXNativeTarget "Formant Analyzer" */;
			buildPhases = (
				5FB6586B28852D3EE4807F2C /* [CP] Check Pods Manifest.lock */,
				D9C47FD31CDAB0150021F3C7 /* Sources */,
				D9C47FD41CDAB0150021F3C7 /* Frameworks */,
				D9C47FD51CDAB0150021F3C7 /* Resources */,
				F950F7D99D11748B6B3D96DF /* [CP] Embed Pods Frameworks */,
				058337B43BB5A52E9AEA3F1D /* [CP] Copy Pods Resources */,
			);
			buildRules = (
			);
			dependencies = (
			);
			name = "Formant Analyzer";
			productName = "Formant Analyzer";
			productReference = D9C47FD71CDAB0150021F3C7 /* Formant Analyzer.app */;
			productType = "com.apple.product-type.application";
		};
		D9C47FEA1CDAB0160021F3C7 /* Formant AnalyzerTests */ = {
			isa = PBXNativeTarget;
			buildConfigurationList = D9C480021CDAB0160021F3C7 /* Build configuration list for PBXNativeTarget "Formant AnalyzerTests" */;
			buildPhases = (
				D9C47FE71CDAB0160021F3C7 /* Sources */,
				D9C47FE81CDAB0160021F3C7 /* Frameworks */,
				D9C47FE91CDAB0160021F3C7 /* Resources */,
			);
			buildRules = (
			);
			dependencies = (
				D9C47FED1CDAB0160021F3C7 /* PBXTargetDependency */,
			);
			name = "Formant AnalyzerTests";
			productName = "Formant AnalyzerTests";
			productReference = D9C47FEB1CDAB0160021F3C7 /* Formant AnalyzerTests.xctest */;
			productType = "com.apple.product-type.bundle.unit-test";
		};
		D9C47FF51CDAB0160021F3C7 /* Formant AnalyzerUITests */ = {
			isa = PBXNativeTarget;
			buildConfigurationList = D9C480051CDAB0160021F3C7 /* Build configuration list for PBXNativeTarget "Formant AnalyzerUITests" */;
			buildPhases = (
				D9C47FF21CDAB0160021F3C7 /* Sources */,
				D9C47FF31CDAB0160021F3C7 /* Frameworks */,
				D9C47FF41CDAB0160021F3C7 /* Resources */,
			);
			buildRules = (
			);
			dependencies = (
				D9C47FF81CDAB0160021F3C7 /* PBXTargetDependency */,
			);
			name = "Formant AnalyzerUITests";
			productName = "Formant AnalyzerUITests";
			productReference = D9C47FF61CDAB0160021F3C7 /* Formant AnalyzerUITests.xctest */;
			productType = "com.apple.product-type.bundle.ui-testing";
		};
/* End PBXNativeTarget section */

/* Begin PBXProject section */
		D9C47FCF1CDAB0150021F3C7 /* Project object */ = {
			isa = PBXProject;
			attributes = {
				LastSwiftUpdateCheck = 0730;
				LastUpgradeCheck = 0810;
				ORGANIZATIONNAME = "William Entriken";
				TargetAttributes = {
					D9C47FD61CDAB0150021F3C7 = {
						CreatedOnToolsVersion = 7.3;
						DevelopmentTeam = 8Q693ZG5RN;
						LastSwiftMigration = 0800;
					};
					D9C47FEA1CDAB0160021F3C7 = {
						CreatedOnToolsVersion = 7.3;
						LastSwiftMigration = 0800;
						TestTargetID = D9C47FD61CDAB0150021F3C7;
					};
					D9C47FF51CDAB0160021F3C7 = {
						CreatedOnToolsVersion = 7.3;
						LastSwiftMigration = 0800;
						TestTargetID = D9C47FD61CDAB0150021F3C7;
					};
				};
			};
			buildConfigurationList = D9C47FD21CDAB0150021F3C7 /* Build configuration list for PBXProject "Formant Analyzer" */;
			compatibilityVersion = "Xcode 3.2";
			developmentRegion = English;
			hasScannedForEncodings = 0;
			knownRegions = (
				en,
				Base,
			);
			mainGroup = D9C47FCE1CDAB0150021F3C7;
			productRefGroup = D9C47FD81CDAB0150021F3C7 /* Products */;
			projectDirPath = "";
			projectRoot = "";
			targets = (
				D9C47FD61CDAB0150021F3C7 /* Formant Analyzer */,
				D9C47FEA1CDAB0160021F3C7 /* Formant AnalyzerTests */,
				D9C47FF51CDAB0160021F3C7 /* Formant AnalyzerUITests */,
			);
		};
/* End PBXProject section */

/* Begin PBXResourcesBuildPhase section */
		D9C47FD51CDAB0150021F3C7 /* Resources */ = {
			isa = PBXResourcesBuildPhase;
			buildActionMask = 2147483647;
			files = (
				D9C480231CDAB17C0021F3C7 /* red_light.png in Resources */,
				D95F3EA11CDC06020050B871 /* calm.raw in Resources */,
				D9C480241CDAB17C0021F3C7 /* vowelPlotBackground.png in Resources */,
				D95F3EA41CDC06020050B871 /* who.raw in Resources */,
				D95F3EA21CDC06020050B871 /* cat.raw in Resources */,
				D9C480211CDAB17C0021F3C7 /* blue_light.png in Resources */,
				D9C4800B1CDAB0F10021F3C7 /* Main.storyboard in Resources */,
				D95F3EA31CDC06020050B871 /* four.raw in Resources */,
				D9C47FE21CDAB0150021F3C7 /* Assets.xcassets in Resources */,
				D9C480221CDAB17C0021F3C7 /* green_light.png in Resources */,
				D95F3EA01CDC06020050B871 /* bid.raw in Resources */,
				D9C4800A1CDAB0F10021F3C7 /* LaunchScreen.storyboard in Resources */,
				D95F3E9F1CDC06020050B871 /* beat.raw in Resources */,
				D95F3E9E1CDC06020050B871 /* arm.raw in Resources */,
			);
			runOnlyForDeploymentPostprocessing = 0;
		};
		D9C47FE91CDAB0160021F3C7 /* Resources */ = {
			isa = PBXResourcesBuildPhase;
			buildActionMask = 2147483647;
			files = (
			);
			runOnlyForDeploymentPostprocessing = 0;
		};
		D9C47FF41CDAB0160021F3C7 /* Resources */ = {
			isa = PBXResourcesBuildPhase;
			buildActionMask = 2147483647;
			files = (
			);
			runOnlyForDeploymentPostprocessing = 0;
		};
/* End PBXResourcesBuildPhase section */

/* Begin PBXShellScriptBuildPhase section */
		058337B43BB5A52E9AEA3F1D /* [CP] Copy Pods Resources */ = {
			isa = PBXShellScriptBuildPhase;
			buildActionMask = 2147483647;
			files = (
			);
			inputPaths = (
			);
			name = "[CP] Copy Pods Resources";
			outputPaths = (
			);
			runOnlyForDeploymentPostprocessing = 0;
			shellPath = /bin/sh;
			shellScript = "\"${SRCROOT}/Pods/Target Support Files/Pods-Formant Analyzer/Pods-Formant Analyzer-resources.sh\"\n";
			showEnvVarsInLog = 0;
		};
		5FB6586B28852D3EE4807F2C /* [CP] Check Pods Manifest.lock */ = {
			isa = PBXShellScriptBuildPhase;
			buildActionMask = 2147483647;
			files = (
			);
			inputPaths = (
			);
			name = "[CP] Check Pods Manifest.lock";
			outputPaths = (
			);
			runOnlyForDeploymentPostprocessing = 0;
			shellPath = /bin/sh;
			shellScript = "diff \"${PODS_ROOT}/../Podfile.lock\" \"${PODS_ROOT}/Manifest.lock\" > /dev/null\nif [ $? != 0 ] ; then\n    # print error to STDERR\n    echo \"error: The sandbox is not in sync with the Podfile.lock. Run 'pod install' or update your CocoaPods installation.\" >&2\n    exit 1\nfi\n";
			showEnvVarsInLog = 0;
		};
		F950F7D99D11748B6B3D96DF /* [CP] Embed Pods Frameworks */ = {
			isa = PBXShellScriptBuildPhase;
			buildActionMask = 2147483647;
			files = (
			);
			inputPaths = (
			);
			name = "[CP] Embed Pods Frameworks";
			outputPaths = (
			);
			runOnlyForDeploymentPostprocessing = 0;
			shellPath = /bin/sh;
			shellScript = "\"${SRCROOT}/Pods/Target Support Files/Pods-Formant Analyzer/Pods-Formant Analyzer-frameworks.sh\"\n";
			showEnvVarsInLog = 0;
		};
/* End PBXShellScriptBuildPhase section */

/* Begin PBXSourcesBuildPhase section */
		D9C47FD31CDAB0150021F3C7 /* Sources */ = {
			isa = PBXSourcesBuildPhase;
			buildActionMask = 2147483647;
			files = (
				D9C4801C1CDAB1690021F3C7 /* ViewController.swift in Sources */,
				D9C480191CDAB1690021F3C7 /* Complex.swift in Sources */,
				D9C4801B1CDAB1690021F3C7 /* SpeechAnalyzer.swift in Sources */,
				D9C4801A1CDAB1690021F3C7 /* FormantPlotView.swift in Sources */,
				D9C480181CDAB1690021F3C7 /* AppDelegate.swift in Sources */,
			);
			runOnlyForDeploymentPostprocessing = 0;
		};
		D9C47FE71CDAB0160021F3C7 /* Sources */ = {
			isa = PBXSourcesBuildPhase;
			buildActionMask = 2147483647;
			files = (
				D9C480281CDAB1B10021F3C7 /* SpeechAnalyzerTests.swift in Sources */,
				D905E2201CDABE8800C5FD50 /* Formant_AnalyzerTests.swift in Sources */,
			);
			runOnlyForDeploymentPostprocessing = 0;
		};
		D9C47FF21CDAB0160021F3C7 /* Sources */ = {
			isa = PBXSourcesBuildPhase;
			buildActionMask = 2147483647;
			files = (
				D905E21C1CDABE5900C5FD50 /* SnapshotHelper.swift in Sources */,
				D905E2221CDABE9400C5FD50 /* Formant_AnalyzerUITests.swift in Sources */,
			);
			runOnlyForDeploymentPostprocessing = 0;
		};
/* End PBXSourcesBuildPhase section */

/* Begin PBXTargetDependency section */
		D9C47FED1CDAB0160021F3C7 /* PBXTargetDependency */ = {
			isa = PBXTargetDependency;
			target = D9C47FD61CDAB0150021F3C7 /* Formant Analyzer */;
			targetProxy = D9C47FEC1CDAB0160021F3C7 /* PBXContainerItemProxy */;
		};
		D9C47FF81CDAB0160021F3C7 /* PBXTargetDependency */ = {
			isa = PBXTargetDependency;
			target = D9C47FD61CDAB0150021F3C7 /* Formant Analyzer */;
			targetProxy = D9C47FF71CDAB0160021F3C7 /* PBXContainerItemProxy */;
		};
/* End PBXTargetDependency section */

/* Begin XCBuildConfiguration section */
		D9C47FFD1CDAB0160021F3C7 /* Debug */ = {
			isa = XCBuildConfiguration;
			buildSettings = {
				ALWAYS_SEARCH_USER_PATHS = NO;
				CLANG_ANALYZER_NONNULL = YES;
				CLANG_CXX_LANGUAGE_STANDARD = "gnu++0x";
				CLANG_CXX_LIBRARY = "libc++";
				CLANG_ENABLE_MODULES = YES;
				CLANG_ENABLE_OBJC_ARC = YES;
				CLANG_WARN_BOOL_CONVERSION = YES;
				CLANG_WARN_CONSTANT_CONVERSION = YES;
				CLANG_WARN_DIRECT_OBJC_ISA_USAGE = YES_ERROR;
				CLANG_WARN_EMPTY_BODY = YES;
				CLANG_WARN_ENUM_CONVERSION = YES;
				CLANG_WARN_INFINITE_RECURSION = YES;
				CLANG_WARN_INT_CONVERSION = YES;
				CLANG_WARN_OBJC_ROOT_CLASS = YES_ERROR;
				CLANG_WARN_SUSPICIOUS_MOVE = YES;
				CLANG_WARN_UNREACHABLE_CODE = YES;
				CLANG_WARN__DUPLICATE_METHOD_MATCH = YES;
				"CODE_SIGN_IDENTITY[sdk=iphoneos*]" = "iPhone Developer";
				COPY_PHASE_STRIP = NO;
				DEBUG_INFORMATION_FORMAT = dwarf;
				ENABLE_STRICT_OBJC_MSGSEND = YES;
				ENABLE_TESTABILITY = YES;
				GCC_C_LANGUAGE_STANDARD = gnu99;
				GCC_DYNAMIC_NO_PIC = NO;
				GCC_NO_COMMON_BLOCKS = YES;
				GCC_OPTIMIZATION_LEVEL = 0;
				GCC_PREPROCESSOR_DEFINITIONS = (
					"DEBUG=1",
					"$(inherited)",
				);
				GCC_WARN_64_TO_32_BIT_CONVERSION = YES;
				GCC_WARN_ABOUT_RETURN_TYPE = YES_ERROR;
				GCC_WARN_UNDECLARED_SELECTOR = YES;
				GCC_WARN_UNINITIALIZED_AUTOS = YES_AGGRESSIVE;
				GCC_WARN_UNUSED_FUNCTION = YES;
				GCC_WARN_UNUSED_VARIABLE = YES;
				IPHONEOS_DEPLOYMENT_TARGET = 9.3;
				MTL_ENABLE_DEBUG_INFO = YES;
				ONLY_ACTIVE_ARCH = YES;
				SDKROOT = iphoneos;
				SWIFT_OPTIMIZATION_LEVEL = "-Onone";
				TARGETED_DEVICE_FAMILY = "1,2";
			};
			name = Debug;
		};
		D9C47FFE1CDAB0160021F3C7 /* Release */ = {
			isa = XCBuildConfiguration;
			buildSettings = {
				ALWAYS_SEARCH_USER_PATHS = NO;
				CLANG_ANALYZER_NONNULL = YES;
				CLANG_CXX_LANGUAGE_STANDARD = "gnu++0x";
				CLANG_CXX_LIBRARY = "libc++";
				CLANG_ENABLE_MODULES = YES;
				CLANG_ENABLE_OBJC_ARC = YES;
				CLANG_WARN_BOOL_CONVERSION = YES;
				CLANG_WARN_CONSTANT_CONVERSION = YES;
				CLANG_WARN_DIRECT_OBJC_ISA_USAGE = YES_ERROR;
				CLANG_WARN_EMPTY_BODY = YES;
				CLANG_WARN_ENUM_CONVERSION = YES;
				CLANG_WARN_INFINITE_RECURSION = YES;
				CLANG_WARN_INT_CONVERSION = YES;
				CLANG_WARN_OBJC_ROOT_CLASS = YES_ERROR;
				CLANG_WARN_SUSPICIOUS_MOVE = YES;
				CLANG_WARN_UNREACHABLE_CODE = YES;
				CLANG_WARN__DUPLICATE_METHOD_MATCH = YES;
				"CODE_SIGN_IDENTITY[sdk=iphoneos*]" = "iPhone Developer";
				COPY_PHASE_STRIP = NO;
				DEBUG_INFORMATION_FORMAT = "dwarf-with-dsym";
				ENABLE_NS_ASSERTIONS = NO;
				ENABLE_STRICT_OBJC_MSGSEND = YES;
				GCC_C_LANGUAGE_STANDARD = gnu99;
				GCC_NO_COMMON_BLOCKS = YES;
				GCC_WARN_64_TO_32_BIT_CONVERSION = YES;
				GCC_WARN_ABOUT_RETURN_TYPE = YES_ERROR;
				GCC_WARN_UNDECLARED_SELECTOR = YES;
				GCC_WARN_UNINITIALIZED_AUTOS = YES_AGGRESSIVE;
				GCC_WARN_UNUSED_FUNCTION = YES;
				GCC_WARN_UNUSED_VARIABLE = YES;
				IPHONEOS_DEPLOYMENT_TARGET = 9.3;
				MTL_ENABLE_DEBUG_INFO = NO;
				SDKROOT = iphoneos;
				SWIFT_OPTIMIZATION_LEVEL = "-Owholemodule";
				TARGETED_DEVICE_FAMILY = "1,2";
				VALIDATE_PRODUCT = YES;
			};
			name = Release;
		};
		D9C480001CDAB0160021F3C7 /* Debug */ = {
			isa = XCBuildConfiguration;
			baseConfigurationReference = 82E5D63DE47495F837A641F1 /* Pods-Formant Analyzer.debug.xcconfig */;
			buildSettings = {
				ALWAYS_EMBED_SWIFT_STANDARD_LIBRARIES = YES;
				ASSETCATALOG_COMPILER_APPICON_NAME = AppIcon;
				CLANG_ENABLE_MODULES = YES;
				CODE_SIGN_IDENTITY = "iPhone Developer";
				INFOPLIST_FILE = "Formant Analyzer/Info.plist";
				IPHONEOS_DEPLOYMENT_TARGET = 8.1;
				LD_RUNPATH_SEARCH_PATHS = "$(inherited) @executable_path/Frameworks";
				PRODUCT_BUNDLE_IDENTIFIER = net.phor.FormantPlotter;
				PRODUCT_NAME = "$(TARGET_NAME)";
				SWIFT_OPTIMIZATION_LEVEL = "-Onone";
				SWIFT_VERSION = 3.0;
			};
			name = Debug;
		};
		D9C480011CDAB0160021F3C7 /* Release */ = {
			isa = XCBuildConfiguration;
			baseConfigurationReference = 66C3D3A01452D771E1A33313 /* Pods-Formant Analyzer.release.xcconfig */;
			buildSettings = {
				ALWAYS_EMBED_SWIFT_STANDARD_LIBRARIES = YES;
				ASSETCATALOG_COMPILER_APPICON_NAME = AppIcon;
				CLANG_ENABLE_MODULES = YES;
				CODE_SIGN_IDENTITY = "iPhone Developer";
				INFOPLIST_FILE = "Formant Analyzer/Info.plist";
				IPHONEOS_DEPLOYMENT_TARGET = 8.1;
				LD_RUNPATH_SEARCH_PATHS = "$(inherited) @executable_path/Frameworks";
				PRODUCT_BUNDLE_IDENTIFIER = net.phor.FormantPlotter;
				PRODUCT_NAME = "$(TARGET_NAME)";
				SWIFT_VERSION = 3.0;
			};
			name = Release;
		};
		D9C480031CDAB0160021F3C7 /* Debug */ = {
			isa = XCBuildConfiguration;
			buildSettings = {
				BUNDLE_LOADER = "$(TEST_HOST)";
				CLANG_ENABLE_MODULES = YES;
				INFOPLIST_FILE = "Formant AnalyzerTests/Info.plist";
				LD_RUNPATH_SEARCH_PATHS = "$(inherited) @executable_path/Frameworks @loader_path/Frameworks";
				PRODUCT_BUNDLE_IDENTIFIER = "net.phor.Formant-AnalyzerTests";
				PRODUCT_NAME = "$(TARGET_NAME)";
				SWIFT_OPTIMIZATION_LEVEL = "-Onone";
				SWIFT_VERSION = 3.0;
				TEST_HOST = "$(BUILT_PRODUCTS_DIR)/Formant Analyzer.app/Formant Analyzer";
			};
			name = Debug;
		};
		D9C480041CDAB0160021F3C7 /* Release */ = {
			isa = XCBuildConfiguration;
			buildSettings = {
				BUNDLE_LOADER = "$(TEST_HOST)";
				CLANG_ENABLE_MODULES = YES;
				INFOPLIST_FILE = "Formant AnalyzerTests/Info.plist";
				LD_RUNPATH_SEARCH_PATHS = "$(inherited) @executable_path/Frameworks @loader_path/Frameworks";
				PRODUCT_BUNDLE_IDENTIFIER = "net.phor.Formant-AnalyzerTests";
				PRODUCT_NAME = "$(TARGET_NAME)";
				SWIFT_VERSION = 3.0;
				TEST_HOST = "$(BUILT_PRODUCTS_DIR)/Formant Analyzer.app/Formant Analyzer";
			};
			name = Release;
		};
		D9C480061CDAB0160021F3C7 /* Debug */ = {
			isa = XCBuildConfiguration;
			buildSettings = {
				INFOPLIST_FILE = "Formant AnalyzerUITests/Info.plist";
				LD_RUNPATH_SEARCH_PATHS = "$(inherited) @executable_path/Frameworks @loader_path/Frameworks";
				PRODUCT_BUNDLE_IDENTIFIER = "net.phor.Formant-AnalyzerUITests";
				PRODUCT_NAME = "$(TARGET_NAME)";
				SWIFT_VERSION = 3.0;
				TEST_TARGET_NAME = "Formant Analyzer";
			};
			name = Debug;
		};
		D9C480071CDAB0160021F3C7 /* Release */ = {
			isa = XCBuildConfiguration;
			buildSettings = {
				INFOPLIST_FILE = "Formant AnalyzerUITests/Info.plist";
				LD_RUNPATH_SEARCH_PATHS = "$(inherited) @executable_path/Frameworks @loader_path/Frameworks";
				PRODUCT_BUNDLE_IDENTIFIER = "net.phor.Formant-AnalyzerUITests";
				PRODUCT_NAME = "$(TARGET_NAME)";
				SWIFT_VERSION = 3.0;
				TEST_TARGET_NAME = "Formant Analyzer";
			};
			name = Release;
		};
/* End XCBuildConfiguration section */

/* Begin XCConfigurationList section */
		D9C47FD21CDAB0150021F3C7 /* Build configuration list for PBXProject "Formant Analyzer" */ = {
			isa = XCConfigurationList;
			buildConfigurations = (
				D9C47FFD1CDAB0160021F3C7 /* Debug */,
				D9C47FFE1CDAB0160021F3C7 /* Release */,
			);
			defaultConfigurationIsVisible = 0;
			defaultConfigurationName = Release;
		};
		D9C47FFF1CDAB0160021F3C7 /* Build configuration list for PBXNativeTarget "Formant Analyzer" */ = {
			isa = XCConfigurationList;
			buildConfigurations = (
				D9C480001CDAB0160021F3C7 /* Debug */,
				D9C480011CDAB0160021F3C7 /* Release */,
			);
			defaultConfigurationIsVisible = 0;
			defaultConfigurationName = Release;
		};
		D9C480021CDAB0160021F3C7 /* Build configuration list for PBXNativeTarget "Formant AnalyzerTests" */ = {
			isa = XCConfigurationList;
			buildConfigurations = (
				D9C480031CDAB0160021F3C7 /* Debug */,
				D9C480041CDAB0160021F3C7 /* Release */,
			);
			defaultConfigurationIsVisible = 0;
			defaultConfigurationName = Release;
		};
		D9C480051CDAB0160021F3C7 /* Build configuration list for PBXNativeTarget "Formant AnalyzerUITests" */ = {
			isa = XCConfigurationList;
			buildConfigurations = (
				D9C480061CDAB0160021F3C7 /* Debug */,
				D9C480071CDAB0160021F3C7 /* Release */,
			);
			defaultConfigurationIsVisible = 0;
			defaultConfigurationName = Release;
		};
/* End XCConfigurationList section */
	};
	rootObject = D9C47FCF1CDAB0150021F3C7 /* Project object */;
}
