// !$*UTF8*$!
{
	archiveVersion = 1;
	classes = {
	};
	objectVersion = 77;
	objects = {

/* Begin PBXBuildFile section */
		D97F4E2A2E82121F004B8741 /* ComplexModule in Frameworks */ = {isa = PBXBuildFile; productRef = D97F4E292E82121F004B8741 /* ComplexModule */; };
		D97F4E2C2E82121F004B8741 /* Numerics in Frameworks */ = {isa = PBXBuildFile; productRef = D97F4E2B2E82121F004B8741 /* Numerics */; };
		D97F4E2E2E82121F004B8741 /* RealModule in Frameworks */ = {isa = PBXBuildFile; productRef = D97F4E2D2E82121F004B8741 /* RealModule */; };
/* End PBXBuildFile section */

/* Begin PBXContainerItemProxy section */
		D9B2580C2E77B6D40048AA84 /* PBXContainerItemProxy */ = {
			isa = PBXContainerItemProxy;
			containerPortal = D9B257F52E77B6D30048AA84 /* Project object */;
			proxyType = 1;
			remoteGlobalIDString = D9B257FC2E77B6D30048AA84;
			remoteInfo = "Formant Analyzer";
		};
		D9B258162E77B6D40048AA84 /* PBXContainerItemProxy */ = {
			isa = PBXContainerItemProxy;
			containerPortal = D9B257F52E77B6D30048AA84 /* Project object */;
			proxyType = 1;
			remoteGlobalIDString = D9B257FC2E77B6D30048AA84;
			remoteInfo = "Formant Analyzer";
		};
/* End PBXContainerItemProxy section */

/* Begin PBXFileReference section */
		D9B257FD2E77B6D30048AA84 /* Formant Analyzer.app */ = {isa = PBXFileReference; explicitFileType = wrapper.application; includeInIndex = 0; path = "Formant Analyzer.app"; sourceTree = BUILT_PRODUCTS_DIR; };
		D9B2580B2E77B6D40048AA84 /* Formant AnalyzerTests.xctest */ = {isa = PBXFileReference; explicitFileType = wrapper.cfbundle; includeInIndex = 0; path = "Formant AnalyzerTests.xctest"; sourceTree = BUILT_PRODUCTS_DIR; };
		D9B258152E77B6D40048AA84 /* Formant AnalyzerUITests.xctest */ = {isa = PBXFileReference; explicitFileType = wrapper.cfbundle; includeInIndex = 0; path = "Formant AnalyzerUITests.xctest"; sourceTree = BUILT_PRODUCTS_DIR; };
/* End PBXFileReference section */

/* Begin PBXFileSystemSynchronizedRootGroup section */
		D9B257FF2E77B6D30048AA84 /* Formant Analyzer */ = {
			isa = PBXFileSystemSynchronizedRootGroup;
			path = "Formant Analyzer";
			sourceTree = "<group>";
		};
		D9B2580E2E77B6D40048AA84 /* Formant AnalyzerTests */ = {
			isa = PBXFileSystemSynchronizedRootGroup;
			path = "Formant AnalyzerTests";
			sourceTree = "<group>";
		};
		D9B258182E77B6D40048AA84 /* Formant AnalyzerUITests */ = {
			isa = PBXFileSystemSynchronizedRootGroup;
			path = "Formant AnalyzerUITests";
			sourceTree = "<group>";
		};
/* End PBXFileSystemSynchronizedRootGroup section */

/* Begin PBXFrameworksBuildPhase section */
		D9B257FA2E77B6D30048AA84 /* Frameworks */ = {
			isa = PBXFrameworksBuildPhase;
			buildActionMask = 2147483647;
			files = (
				D97F4E2C2E82121F004B8741 /* Numerics in Frameworks */,
				D97F4E2A2E82121F004B8741 /* ComplexModule in Frameworks */,
				D97F4E2E2E82121F004B8741 /* RealModule in Frameworks */,
			);
			runOnlyForDeploymentPostprocessing = 0;
		};
		D9B258082E77B6D40048AA84 /* Frameworks */ = {
			isa = PBXFrameworksBuildPhase;
			buildActionMask = 2147483647;
			files = (
			);
			runOnlyForDeploymentPostprocessing = 0;
		};
		D9B258122E77B6D40048AA84 /* Frameworks */ = {
			isa = PBXFrameworksBuildPhase;
			buildActionMask = 2147483647;
			files = (
			);
			runOnlyForDeploymentPostprocessing = 0;
		};
/* End PBXFrameworksBuildPhase section */

/* Begin PBXGroup section */
		D9B257F42E77B6D30048AA84 = {
			isa = PBXGroup;
			children = (
				D9B257FF2E77B6D30048AA84 /* Formant Analyzer */,
				D9B2580E2E77B6D40048AA84 /* Formant AnalyzerTests */,
				D9B258182E77B6D40048AA84 /* Formant AnalyzerUITests */,
				D9B257FE2E77B6D30048AA84 /* Products */,
			);
			sourceTree = "<group>";
		};
		D9B257FE2E77B6D30048AA84 /* Products */ = {
			isa = PBXGroup;
			children = (
				D9B257FD2E77B6D30048AA84 /* Formant Analyzer.app */,
				D9B2580B2E77B6D40048AA84 /* Formant AnalyzerTests.xctest */,
				D9B258152E77B6D40048AA84 /* Formant AnalyzerUITests.xctest */,
			);
			name = Products;
			sourceTree = "<group>";
		};
/* End PBXGroup section */

/* Begin PBXNativeTarget section */
		D9B257FC2E77B6D30048AA84 /* Formant Analyzer */ = {
			isa = PBXNativeTarget;
			buildConfigurationList = D9B2581F2E77B6D40048AA84 /* Build configuration list for PBXNativeTarget "Formant Analyzer" */;
			buildPhases = (
				D9B257F92E77B6D30048AA84 /* Sources */,
				D9B257FA2E77B6D30048AA84 /* Frameworks */,
				D9B257FB2E77B6D30048AA84 /* Resources */,
			);
			buildRules = (
			);
			dependencies = (
			);
			fileSystemSynchronizedGroups = (
				D9B257FF2E77B6D30048AA84 /* Formant Analyzer */,
			);
			name = "Formant Analyzer";
			packageProductDependencies = (
				D97F4E292E82121F004B8741 /* ComplexModule */,
				D97F4E2B2E82121F004B8741 /* Numerics */,
				D97F4E2D2E82121F004B8741 /* RealModule */,
			);
			productName = "Formant Analyzer";
			productReference = D9B257FD2E77B6D30048AA84 /* Formant Analyzer.app */;
			productType = "com.apple.product-type.application";
		};
		D9B2580A2E77B6D40048AA84 /* Formant AnalyzerTests */ = {
			isa = PBXNativeTarget;
			buildConfigurationList = D9B258222E77B6D40048AA84 /* Build configuration list for PBXNativeTarget "Formant AnalyzerTests" */;
			buildPhases = (
				D9B258072E77B6D40048AA84 /* Sources */,
				D9B258082E77B6D40048AA84 /* Frameworks */,
				D9B258092E77B6D40048AA84 /* Resources */,
			);
			buildRules = (
			);
			dependencies = (
				D9B2580D2E77B6D40048AA84 /* PBXTargetDependency */,
			);
			fileSystemSynchronizedGroups = (
				D9B2580E2E77B6D40048AA84 /* Formant AnalyzerTests */,
			);
			name = "Formant AnalyzerTests";
			packageProductDependencies = (
			);
			productName = "Formant AnalyzerTests";
			productReference = D9B2580B2E77B6D40048AA84 /* Formant AnalyzerTests.xctest */;
			productType = "com.apple.product-type.bundle.unit-test";
		};
		D9B258142E77B6D40048AA84 /* Formant AnalyzerUITests */ = {
			isa = PBXNativeTarget;
			buildConfigurationList = D9B258252E77B6D40048AA84 /* Build configuration list for PBXNativeTarget "Formant AnalyzerUITests" */;
			buildPhases = (
				D9B258112E77B6D40048AA84 /* Sources */,
				D9B258122E77B6D40048AA84 /* Frameworks */,
				D9B258132E77B6D40048AA84 /* Resources */,
			);
			buildRules = (
			);
			dependencies = (
				D9B258172E77B6D40048AA84 /* PBXTargetDependency */,
			);
			fileSystemSynchronizedGroups = (
				D9B258182E77B6D40048AA84 /* Formant AnalyzerUITests */,
			);
			name = "Formant AnalyzerUITests";
			packageProductDependencies = (
			);
			productName = "Formant AnalyzerUITests";
			productReference = D9B258152E77B6D40048AA84 /* Formant AnalyzerUITests.xctest */;
			productType = "com.apple.product-type.bundle.ui-testing";
		};
/* End PBXNativeTarget section */

/* Begin PBXProject section */
		D9B257F52E77B6D30048AA84 /* Project object */ = {
			isa = PBXProject;
			attributes = {
				BuildIndependentTargetsInParallel = 1;
				LastSwiftUpdateCheck = 1640;
				LastUpgradeCheck = 2600;
				TargetAttributes = {
					D9B257FC2E77B6D30048AA84 = {
						CreatedOnToolsVersion = 16.4;
					};
					D9B2580A2E77B6D40048AA84 = {
						CreatedOnToolsVersion = 16.4;
						TestTargetID = D9B257FC2E77B6D30048AA84;
					};
					D9B258142E77B6D40048AA84 = {
						CreatedOnToolsVersion = 16.4;
						TestTargetID = D9B257FC2E77B6D30048AA84;
					};
				};
			};
			buildConfigurationList = D9B257F82E77B6D30048AA84 /* Build configuration list for PBXProject "Formant Analyzer" */;
			developmentRegion = en;
			hasScannedForEncodings = 0;
			knownRegions = (
				en,
				Base,
			);
			mainGroup = D9B257F42E77B6D30048AA84;
			minimizedProjectReferenceProxies = 1;
			packageReferences = (
				D97F4E282E82121F004B8741 /* XCRemoteSwiftPackageReference "swift-numerics" */,
			);
			preferredProjectObjectVersion = 77;
			productRefGroup = D9B257FE2E77B6D30048AA84 /* Products */;
			projectDirPath = "";
			projectRoot = "";
			targets = (
				D9B257FC2E77B6D30048AA84 /* Formant Analyzer */,
				D9B2580A2E77B6D40048AA84 /* Formant AnalyzerTests */,
				D9B258142E77B6D40048AA84 /* Formant AnalyzerUITests */,
			);
		};
/* End PBXProject section */

/* Begin PBXResourcesBuildPhase section */
		D9B257FB2E77B6D30048AA84 /* Resources */ = {
			isa = PBXResourcesBuildPhase;
			buildActionMask = 2147483647;
			files = (
			);
			runOnlyForDeploymentPostprocessing = 0;
		};
		D9B258092E77B6D40048AA84 /* Resources */ = {
			isa = PBXResourcesBuildPhase;
			buildActionMask = 2147483647;
			files = (
			);
			runOnlyForDeploymentPostprocessing = 0;
		};
		D9B258132E77B6D40048AA84 /* Resources */ = {
			isa = PBXResourcesBuildPhase;
			buildActionMask = 2147483647;
			files = (
			);
			runOnlyForDeploymentPostprocessing = 0;
		};
/* End PBXResourcesBuildPhase section */

/* Begin PBXSourcesBuildPhase section */
		D9B257F92E77B6D30048AA84 /* Sources */ = {
			isa = PBXSourcesBuildPhase;
			buildActionMask = 2147483647;
			files = (
			);
			runOnlyForDeploymentPostprocessing = 0;
		};
		D9B258072E77B6D40048AA84 /* Sources */ = {
			isa = PBXSourcesBuildPhase;
			buildActionMask = 2147483647;
			files = (
			);
			runOnlyForDeploymentPostprocessing = 0;
		};
		D9B258112E77B6D40048AA84 /* Sources */ = {
			isa = PBXSourcesBuildPhase;
			buildActionMask = 2147483647;
			files = (
			);
			runOnlyForDeploymentPostprocessing = 0;
		};
/* End PBXSourcesBuildPhase section */

/* Begin PBXTargetDependency section */
		D9B2580D2E77B6D40048AA84 /* PBXTargetDependency */ = {
			isa = PBXTargetDependency;
			target = D9B257FC2E77B6D30048AA84 /* Formant Analyzer */;
			targetProxy = D9B2580C2E77B6D40048AA84 /* PBXContainerItemProxy */;
		};
		D9B258172E77B6D40048AA84 /* PBXTargetDependency */ = {
			isa = PBXTargetDependency;
			target = D9B257FC2E77B6D30048AA84 /* Formant Analyzer */;
			targetProxy = D9B258162E77B6D40048AA84 /* PBXContainerItemProxy */;
		};
/* End PBXTargetDependency section */

/* Begin XCBuildConfiguration section */
		D9B2581D2E77B6D40048AA84 /* Debug */ = {
			isa = XCBuildConfiguration;
			buildSettings = {
				ALWAYS_SEARCH_USER_PATHS = NO;
				ASSETCATALOG_COMPILER_GENERATE_SWIFT_ASSET_SYMBOL_EXTENSIONS = YES;
				CLANG_ANALYZER_NONNULL = YES;
				CLANG_ANALYZER_NUMBER_OBJECT_CONVERSION = YES_AGGRESSIVE;
				CLANG_CXX_LANGUAGE_STANDARD = "gnu++20";
				CLANG_ENABLE_MODULES = YES;
				CLANG_ENABLE_OBJC_ARC = YES;
				CLANG_ENABLE_OBJC_WEAK = YES;
				CLANG_WARN_BLOCK_CAPTURE_AUTORELEASING = YES;
				CLANG_WARN_BOOL_CONVERSION = YES;
				CLANG_WARN_COMMA = YES;
				CLANG_WARN_CONSTANT_CONVERSION = YES;
				CLANG_WARN_DEPRECATED_OBJC_IMPLEMENTATIONS = YES;
				CLANG_WARN_DIRECT_OBJC_ISA_USAGE = YES_ERROR;
				CLANG_WARN_DOCUMENTATION_COMMENTS = YES;
				CLANG_WARN_EMPTY_BODY = YES;
				CLANG_WARN_ENUM_CONVERSION = YES;
				CLANG_WARN_INFINITE_RECURSION = YES;
				CLANG_WARN_INT_CONVERSION = YES;
				CLANG_WARN_NON_LITERAL_NULL_CONVERSION = YES;
				CLANG_WARN_OBJC_IMPLICIT_RETAIN_SELF = YES;
				CLANG_WARN_OBJC_LITERAL_CONVERSION = YES;
				CLANG_WARN_OBJC_ROOT_CLASS = YES_ERROR;
				CLANG_WARN_QUOTED_INCLUDE_IN_FRAMEWORK_HEADER = YES;
				CLANG_WARN_RANGE_LOOP_ANALYSIS = YES;
				CLANG_WARN_STRICT_PROTOTYPES = YES;
				CLANG_WARN_SUSPICIOUS_MOVE = YES;
				CLANG_WARN_UNGUARDED_AVAILABILITY = YES_AGGRESSIVE;
				CLANG_WARN_UNREACHABLE_CODE = YES;
				CLANG_WARN__DUPLICATE_METHOD_MATCH = YES;
				COPY_PHASE_STRIP = NO;
				DEAD_CODE_STRIPPING = YES;
				DEBUG_INFORMATION_FORMAT = dwarf;
				DEVELOPMENT_TEAM = 8Q693ZG5RN;
				ENABLE_STRICT_OBJC_MSGSEND = YES;
				ENABLE_TESTABILITY = YES;
				ENABLE_USER_SCRIPT_SANDBOXING = YES;
				GCC_C_LANGUAGE_STANDARD = gnu17;
				GCC_DYNAMIC_NO_PIC = NO;
				GCC_NO_COMMON_BLOCKS = YES;
				GCC_OPTIMIZATION_LEVEL = 0;
				GCC_PREPROCESSOR_DEFINITIONS = (
					"DEBUG=1",
					"$(inherited)",
				);
				GCC_WARN_64_TO_32_BIT_CONVERSION = YES;
				GCC_WARN_ABOUT_RETURN_TYPE = YES_ERROR;
				GCC_WARN_UNDECLARED_SELECTOR = YES;
				GCC_WARN_UNINITIALIZED_AUTOS = YES_AGGRESSIVE;
				GCC_WARN_UNUSED_FUNCTION = YES;
				GCC_WARN_UNUSED_VARIABLE = YES;
				LOCALIZATION_PREFERS_STRING_CATALOGS = YES;
				MTL_ENABLE_DEBUG_INFO = INCLUDE_SOURCE;
				MTL_FAST_MATH = YES;
				ONLY_ACTIVE_ARCH = YES;
				STRING_CATALOG_GENERATE_SYMBOLS = YES;
				SWIFT_ACTIVE_COMPILATION_CONDITIONS = "DEBUG $(inherited)";
				SWIFT_OPTIMIZATION_LEVEL = "-Onone";
			};
			name = Debug;
		};
		D9B2581E2E77B6D40048AA84 /* Release */ = {
			isa = XCBuildConfiguration;
			buildSettings = {
				ALWAYS_SEARCH_USER_PATHS = NO;
				ASSETCATALOG_COMPILER_GENERATE_SWIFT_ASSET_SYMBOL_EXTENSIONS = YES;
				CLANG_ANALYZER_NONNULL = YES;
				CLANG_ANALYZER_NUMBER_OBJECT_CONVERSION = YES_AGGRESSIVE;
				CLANG_CXX_LANGUAGE_STANDARD = "gnu++20";
				CLANG_ENABLE_MODULES = YES;
				CLANG_ENABLE_OBJC_ARC = YES;
				CLANG_ENABLE_OBJC_WEAK = YES;
				CLANG_WARN_BLOCK_CAPTURE_AUTORELEASING = YES;
				CLANG_WARN_BOOL_CONVERSION = YES;
				CLANG_WARN_COMMA = YES;
				CLANG_WARN_CONSTANT_CONVERSION = YES;
				CLANG_WARN_DEPRECATED_OBJC_IMPLEMENTATIONS = YES;
				CLANG_WARN_DIRECT_OBJC_ISA_USAGE = YES_ERROR;
				CLANG_WARN_DOCUMENTATION_COMMENTS = YES;
				CLANG_WARN_EMPTY_BODY = YES;
				CLANG_WARN_ENUM_CONVERSION = YES;
				CLANG_WARN_INFINITE_RECURSION = YES;
				CLANG_WARN_INT_CONVERSION = YES;
				CLANG_WARN_NON_LITERAL_NULL_CONVERSION = YES;
				CLANG_WARN_OBJC_IMPLICIT_RETAIN_SELF = YES;
				CLANG_WARN_OBJC_LITERAL_CONVERSION = YES;
				CLANG_WARN_OBJC_ROOT_CLASS = YES_ERROR;
				CLANG_WARN_QUOTED_INCLUDE_IN_FRAMEWORK_HEADER = YES;
				CLANG_WARN_RANGE_LOOP_ANALYSIS = YES;
				CLANG_WARN_STRICT_PROTOTYPES = YES;
				CLANG_WARN_SUSPICIOUS_MOVE = YES;
				CLANG_WARN_UNGUARDED_AVAILABILITY = YES_AGGRESSIVE;
				CLANG_WARN_UNREACHABLE_CODE = YES;
				CLANG_WARN__DUPLICATE_METHOD_MATCH = YES;
				COPY_PHASE_STRIP = NO;
				DEAD_CODE_STRIPPING = YES;
				DEBUG_INFORMATION_FORMAT = "dwarf-with-dsym";
				DEVELOPMENT_TEAM = 8Q693ZG5RN;
				ENABLE_NS_ASSERTIONS = NO;
				ENABLE_STRICT_OBJC_MSGSEND = YES;
				ENABLE_USER_SCRIPT_SANDBOXING = YES;
				GCC_C_LANGUAGE_STANDARD = gnu17;
				GCC_NO_COMMON_BLOCKS = YES;
				GCC_WARN_64_TO_32_BIT_CONVERSION = YES;
				GCC_WARN_ABOUT_RETURN_TYPE = YES_ERROR;
				GCC_WARN_UNDECLARED_SELECTOR = YES;
				GCC_WARN_UNINITIALIZED_AUTOS = YES_AGGRESSIVE;
				GCC_WARN_UNUSED_FUNCTION = YES;
				GCC_WARN_UNUSED_VARIABLE = YES;
				LOCALIZATION_PREFERS_STRING_CATALOGS = YES;
				MTL_ENABLE_DEBUG_INFO = NO;
				MTL_FAST_MATH = YES;
				STRING_CATALOG_GENERATE_SYMBOLS = YES;
				SWIFT_COMPILATION_MODE = wholemodule;
			};
			name = Release;
		};
		D9B258202E77B6D40048AA84 /* Debug */ = {
			isa = XCBuildConfiguration;
			buildSettings = {
				ASSETCATALOG_COMPILER_APPICON_NAME = AppIcon;
				ASSETCATALOG_COMPILER_GLOBAL_ACCENT_COLOR_NAME = AccentColor;
				CODE_SIGN_ENTITLEMENTS = "Formant Analyzer/Formant_Analyzer.entitlements";
				CODE_SIGN_STYLE = Automatic;
				CURRENT_PROJECT_VERSION = 1;
				DEAD_CODE_STRIPPING = YES;
				DEVELOPMENT_TEAM = 8Q693ZG5RN;
				ENABLE_APP_SANDBOX = YES;
				ENABLE_HARDENED_RUNTIME = YES;
				ENABLE_PREVIEWS = YES;
				ENABLE_USER_SELECTED_FILES = readonly;
				GENERATE_INFOPLIST_FILE = YES;
				"INFOPLIST_KEY_UIApplicationSceneManifest_Generation[sdk=iphoneos*]" = YES;
				"INFOPLIST_KEY_UIApplicationSceneManifest_Generation[sdk=iphonesimulator*]" = YES;
				"INFOPLIST_KEY_UIApplicationSupportsIndirectInputEvents[sdk=iphoneos*]" = YES;
				"INFOPLIST_KEY_UIApplicationSupportsIndirectInputEvents[sdk=iphonesimulator*]" = YES;
				"INFOPLIST_KEY_UILaunchScreen_Generation[sdk=iphoneos*]" = YES;
				"INFOPLIST_KEY_UILaunchScreen_Generation[sdk=iphonesimulator*]" = YES;
				"INFOPLIST_KEY_UIStatusBarStyle[sdk=iphoneos*]" = UIStatusBarStyleDefault;
				"INFOPLIST_KEY_UIStatusBarStyle[sdk=iphonesimulator*]" = UIStatusBarStyleDefault;
				INFOPLIST_KEY_UISupportedInterfaceOrientations_iPad = "UIInterfaceOrientationPortrait UIInterfaceOrientationPortraitUpsideDown UIInterfaceOrientationLandscapeLeft UIInterfaceOrientationLandscapeRight";
				INFOPLIST_KEY_UISupportedInterfaceOrientations_iPhone = "UIInterfaceOrientationPortrait UIInterfaceOrientationLandscapeLeft UIInterfaceOrientationLandscapeRight";
				IPHONEOS_DEPLOYMENT_TARGET = 18.5;
				LD_RUNPATH_SEARCH_PATHS = "@executable_path/Frameworks";
				"LD_RUNPATH_SEARCH_PATHS[sdk=macosx*]" = "@executable_path/../Frameworks";
				MACOSX_DEPLOYMENT_TARGET = 15.5;
				MARKETING_VERSION = 1.0;
				PRODUCT_BUNDLE_IDENTIFIER = "net.phor.Formant-Analyzer";
				PRODUCT_NAME = "$(TARGET_NAME)";
				REGISTER_APP_GROUPS = YES;
				SDKROOT = auto;
				SUPPORTED_PLATFORMS = "iphoneos iphonesimulator macosx xros xrsimulator";
				SWIFT_EMIT_LOC_STRINGS = YES;
				SWIFT_VERSION = 5.0;
				TARGETED_DEVICE_FAMILY = "1,2,7";
				XROS_DEPLOYMENT_TARGET = 2.5;
			};
			name = Debug;
		};
		D9B258212E77B6D40048AA84 /* Release */ = {
			isa = XCBuildConfiguration;
			buildSettings = {
				ASSETCATALOG_COMPILER_APPICON_NAME = AppIcon;
				ASSETCATALOG_COMPILER_GLOBAL_ACCENT_COLOR_NAME = AccentColor;
				CODE_SIGN_ENTITLEMENTS = "Formant Analyzer/Formant_Analyzer.entitlements";
				CODE_SIGN_STYLE = Automatic;
				CURRENT_PROJECT_VERSION = 1;
				DEAD_CODE_STRIPPING = YES;
				DEVELOPMENT_TEAM = 8Q693ZG5RN;
				ENABLE_APP_SANDBOX = YES;
				ENABLE_HARDENED_RUNTIME = YES;
				ENABLE_PREVIEWS = YES;
				ENABLE_USER_SELECTED_FILES = readonly;
				GENERATE_INFOPLIST_FILE = YES;
				"INFOPLIST_KEY_UIApplicationSceneManifest_Generation[sdk=iphoneos*]" = YES;
				"INFOPLIST_KEY_UIApplicationSceneManifest_Generation[sdk=iphonesimulator*]" = YES;
				"INFOPLIST_KEY_UIApplicationSupportsIndirectInputEvents[sdk=iphoneos*]" = YES;
				"INFOPLIST_KEY_UIApplicationSupportsIndirectInputEvents[sdk=iphonesimulator*]" = YES;
				"INFOPLIST_KEY_UILaunchScreen_Generation[sdk=iphoneos*]" = YES;
				"INFOPLIST_KEY_UILaunchScreen_Generation[sdk=iphonesimulator*]" = YES;
				"INFOPLIST_KEY_UIStatusBarStyle[sdk=iphoneos*]" = UIStatusBarStyleDefault;
				"INFOPLIST_KEY_UIStatusBarStyle[sdk=iphonesimulator*]" = UIStatusBarStyleDefault;
				INFOPLIST_KEY_UISupportedInterfaceOrientations_iPad = "UIInterfaceOrientationPortrait UIInterfaceOrientationPortraitUpsideDown UIInterfaceOrientationLandscapeLeft UIInterfaceOrientationLandscapeRight";
				INFOPLIST_KEY_UISupportedInterfaceOrientations_iPhone = "UIInterfaceOrientationPortrait UIInterfaceOrientationLandscapeLeft UIInterfaceOrientationLandscapeRight";
				IPHONEOS_DEPLOYMENT_TARGET = 18.5;
				LD_RUNPATH_SEARCH_PATHS = "@executable_path/Frameworks";
				"LD_RUNPATH_SEARCH_PATHS[sdk=macosx*]" = "@executable_path/../Frameworks";
				MACOSX_DEPLOYMENT_TARGET = 15.5;
				MARKETING_VERSION = 1.0;
				PRODUCT_BUNDLE_IDENTIFIER = "net.phor.Formant-Analyzer";
				PRODUCT_NAME = "$(TARGET_NAME)";
				REGISTER_APP_GROUPS = YES;
				SDKROOT = auto;
				SUPPORTED_PLATFORMS = "iphoneos iphonesimulator macosx xros xrsimulator";
				SWIFT_EMIT_LOC_STRINGS = YES;
				SWIFT_VERSION = 5.0;
				TARGETED_DEVICE_FAMILY = "1,2,7";
				XROS_DEPLOYMENT_TARGET = 2.5;
			};
			name = Release;
		};
		D9B258232E77B6D40048AA84 /* Debug */ = {
			isa = XCBuildConfiguration;
			buildSettings = {
				BUNDLE_LOADER = "$(TEST_HOST)";
				CODE_SIGN_STYLE = Automatic;
				CURRENT_PROJECT_VERSION = 1;
				DEAD_CODE_STRIPPING = YES;
				DEVELOPMENT_TEAM = 8Q693ZG5RN;
				GENERATE_INFOPLIST_FILE = YES;
				IPHONEOS_DEPLOYMENT_TARGET = 18.5;
				MACOSX_DEPLOYMENT_TARGET = 15.5;
				MARKETING_VERSION = 1.0;
				PRODUCT_BUNDLE_IDENTIFIER = "net.phor.Formant-AnalyzerTests";
				PRODUCT_NAME = "$(TARGET_NAME)";
				SDKROOT = auto;
				SUPPORTED_PLATFORMS = "iphoneos iphonesimulator macosx xros xrsimulator";
				SWIFT_EMIT_LOC_STRINGS = NO;
				SWIFT_VERSION = 5.0;
				TARGETED_DEVICE_FAMILY = "1,2,7";
				TEST_HOST = "$(BUILT_PRODUCTS_DIR)/Formant Analyzer.app/$(BUNDLE_EXECUTABLE_FOLDER_PATH)/Formant Analyzer";
				XROS_DEPLOYMENT_TARGET = 2.5;
			};
			name = Debug;
		};
		D9B258242E77B6D40048AA84 /* Release */ = {
			isa = XCBuildConfiguration;
			buildSettings = {
				BUNDLE_LOADER = "$(TEST_HOST)";
				CODE_SIGN_STYLE = Automatic;
				CURRENT_PROJECT_VERSION = 1;
				DEAD_CODE_STRIPPING = YES;
				DEVELOPMENT_TEAM = 8Q693ZG5RN;
				GENERATE_INFOPLIST_FILE = YES;
				IPHONEOS_DEPLOYMENT_TARGET = 18.5;
				MACOSX_DEPLOYMENT_TARGET = 15.5;
				MARKETING_VERSION = 1.0;
				PRODUCT_BUNDLE_IDENTIFIER = "net.phor.Formant-AnalyzerTests";
				PRODUCT_NAME = "$(TARGET_NAME)";
				SDKROOT = auto;
				SUPPORTED_PLATFORMS = "iphoneos iphonesimulator macosx xros xrsimulator";
				SWIFT_EMIT_LOC_STRINGS = NO;
				SWIFT_VERSION = 5.0;
				TARGETED_DEVICE_FAMILY = "1,2,7";
				TEST_HOST = "$(BUILT_PRODUCTS_DIR)/Formant Analyzer.app/$(BUNDLE_EXECUTABLE_FOLDER_PATH)/Formant Analyzer";
				XROS_DEPLOYMENT_TARGET = 2.5;
			};
			name = Release;
		};
		D9B258262E77B6D40048AA84 /* Debug */ = {
			isa = XCBuildConfiguration;
			buildSettings = {
				CODE_SIGN_STYLE = Automatic;
				CURRENT_PROJECT_VERSION = 1;
				DEAD_CODE_STRIPPING = YES;
				DEVELOPMENT_TEAM = 8Q693ZG5RN;
				GENERATE_INFOPLIST_FILE = YES;
				IPHONEOS_DEPLOYMENT_TARGET = 18.5;
				MACOSX_DEPLOYMENT_TARGET = 15.5;
				MARKETING_VERSION = 1.0;
				PRODUCT_BUNDLE_IDENTIFIER = "net.phor.Formant-AnalyzerUITests";
				PRODUCT_NAME = "$(TARGET_NAME)";
				SDKROOT = auto;
				SUPPORTED_PLATFORMS = "iphoneos iphonesimulator macosx xros xrsimulator";
				SWIFT_EMIT_LOC_STRINGS = NO;
				SWIFT_VERSION = 5.0;
				TARGETED_DEVICE_FAMILY = "1,2,7";
				TEST_TARGET_NAME = "Formant Analyzer";
				XROS_DEPLOYMENT_TARGET = 2.5;
			};
			name = Debug;
		};
		D9B258272E77B6D40048AA84 /* Release */ = {
			isa = XCBuildConfiguration;
			buildSettings = {
				CODE_SIGN_STYLE = Automatic;
				CURRENT_PROJECT_VERSION = 1;
				DEAD_CODE_STRIPPING = YES;
				DEVELOPMENT_TEAM = 8Q693ZG5RN;
				GENERATE_INFOPLIST_FILE = YES;
				IPHONEOS_DEPLOYMENT_TARGET = 18.5;
				MACOSX_DEPLOYMENT_TARGET = 15.5;
				MARKETING_VERSION = 1.0;
				PRODUCT_BUNDLE_IDENTIFIER = "net.phor.Formant-AnalyzerUITests";
				PRODUCT_NAME = "$(TARGET_NAME)";
				SDKROOT = auto;
				SUPPORTED_PLATFORMS = "iphoneos iphonesimulator macosx xros xrsimulator";
				SWIFT_EMIT_LOC_STRINGS = NO;
				SWIFT_VERSION = 5.0;
				TARGETED_DEVICE_FAMILY = "1,2,7";
				TEST_TARGET_NAME = "Formant Analyzer";
				XROS_DEPLOYMENT_TARGET = 2.5;
			};
			name = Release;
		};
/* End XCBuildConfiguration section */

/* Begin XCConfigurationList section */
		D9B257F82E77B6D30048AA84 /* Build configuration list for PBXProject "Formant Analyzer" */ = {
			isa = XCConfigurationList;
			buildConfigurations = (
				D9B2581D2E77B6D40048AA84 /* Debug */,
				D9B2581E2E77B6D40048AA84 /* Release */,
			);
			defaultConfigurationIsVisible = 0;
			defaultConfigurationName = Release;
		};
		D9B2581F2E77B6D40048AA84 /* Build configuration list for PBXNativeTarget "Formant Analyzer" */ = {
			isa = XCConfigurationList;
			buildConfigurations = (
				D9B258202E77B6D40048AA84 /* Debug */,
				D9B258212E77B6D40048AA84 /* Release */,
			);
			defaultConfigurationIsVisible = 0;
			defaultConfigurationName = Release;
		};
		D9B258222E77B6D40048AA84 /* Build configuration list for PBXNativeTarget "Formant AnalyzerTests" */ = {
			isa = XCConfigurationList;
			buildConfigurations = (
				D9B258232E77B6D40048AA84 /* Debug */,
				D9B258242E77B6D40048AA84 /* Release */,
			);
			defaultConfigurationIsVisible = 0;
			defaultConfigurationName = Release;
		};
		D9B258252E77B6D40048AA84 /* Build configuration list for PBXNativeTarget "Formant AnalyzerUITests" */ = {
			isa = XCConfigurationList;
			buildConfigurations = (
				D9B258262E77B6D40048AA84 /* Debug */,
				D9B258272E77B6D40048AA84 /* Release */,
			);
			defaultConfigurationIsVisible = 0;
			defaultConfigurationName = Release;
		};
/* End XCConfigurationList section */

/* Begin XCRemoteSwiftPackageReference section */
		D97F4E282E82121F004B8741 /* XCRemoteSwiftPackageReference "swift-numerics" */ = {
			isa = XCRemoteSwiftPackageReference;
			repositoryURL = "https://github.com/apple/swift-numerics.git";
			requirement = {
				kind = upToNextMajorVersion;
				minimumVersion = 1.1.0;
			};
		};
/* End XCRemoteSwiftPackageReference section */

/* Begin XCSwiftPackageProductDependency section */
		D97F4E292E82121F004B8741 /* ComplexModule */ = {
			isa = XCSwiftPackageProductDependency;
			package = D97F4E282E82121F004B8741 /* XCRemoteSwiftPackageReference "swift-numerics" */;
			productName = ComplexModule;
		};
		D97F4E2B2E82121F004B8741 /* Numerics */ = {
			isa = XCSwiftPackageProductDependency;
			package = D97F4E282E82121F004B8741 /* XCRemoteSwiftPackageReference "swift-numerics" */;
			productName = Numerics;
		};
		D97F4E2D2E82121F004B8741 /* RealModule */ = {
			isa = XCSwiftPackageProductDependency;
			package = D97F4E282E82121F004B8741 /* XCRemoteSwiftPackageReference "swift-numerics" */;
			productName = RealModule;
		};
/* End XCSwiftPackageProductDependency section */
	};
	rootObject = D9B257F52E77B6D30048AA84 /* Project object */;
}
